Microsoft Visual Studio Solution File, Format Version 12.00
# Visual Studio Version 17
VisualStudioVersion = 17.0.31903.59
MinimumVisualStudioVersion = 10.0.40219.1
Project("{FAE04EC0-301F-11D3-BF4B-00C04F79EFBC}") = "EdrTest", "src\EdrTest\EdrTest.csproj", "{7D6A9D5B-24F1-42E0-8FB4-3AFD01295856}"
EndProject
Project("{FAE04EC0-301F-11D3-BF4B-00C04F79EFBC}") = "EdrTest.Tests", "tests\EdrTest.Tests\EdrTest.Tests.csproj", "{7E8606D6-B93A-48C4-AD02-29C6DE07318D}"
EndProject
Project("{FAE04EC0-301F-11D3-BF4B-00C04F79EFBC}") = "ProcessActivity.Protocol", "sample-src\ProcessActivity\ProcessActivity.Protocol\ProcessActivity.Protocol.csproj", "{C79D9E5F-CF01-4E3E-B2AB-AC0EC726761E}"
EndProject
Project("{FAE04EC0-301F-11D3-BF4B-00C04F79EFBC}") = "ProcessActivity.Behavior", "sample-src\ProcessActivity\ProcessActivity.Behavior\ProcessActivity.Behavior.csproj", "{F40C850B-1C4E-4D2B-9E19-A41E197B2D58}"
EndProject
Project("{FAE04EC0-301F-11D3-BF4B-00C04F79EFBC}") = "ProcessActivity.Controller", "sample-src\ProcessActivity\ProcessActivity.Controller\ProcessActivity.Controller.csproj", "{9535AF5A-5275-41F6-820A-4109489AA715}"
EndProject
Project("{FAE04EC0-301F-11D3-BF4B-00C04F79EFBC}") = "FileManipulation.Protocol", "sample-src\FileManipulation\FileManipulation.Protocol\FileManipulation.Protocol.csproj", "{AE7384DE-80DF-48C4-89C8-3D628D6A1C5D}"
EndProject
Project("{FAE04EC0-301F-11D3-BF4B-00C04F79EFBC}") = "FileManipulation.Behavior", "sample-src\FileManipulation\FileManipulation.Behavior\FileManipulation.Behavior.csproj", "{324A8054-8D14-426C-B653-A947FFBC8C91}"
EndProject
Project("{FAE04EC0-301F-11D3-BF4B-00C04F79EFBC}") = "FileManipulation.Controller", "sample-src\FileManipulation\FileManipulation.Controller\FileManipulation.Controller.csproj", "{7D7CB30B-8E52-40B1-8BA2-7FB5A29E242A}"
EndProject
Global
	GlobalSection(SolutionConfigurationPlatforms) = preSolution
		Debug|Any CPU = Debug|Any CPU
		Release|Any CPU = Release|Any CPU
	EndGlobalSection
	GlobalSection(ProjectConfigurationPlatforms) = postSolution
		{7D6A9D5B-24F1-42E0-8FB4-3AFD01295856}.Debug|Any CPU.ActiveCfg = Debug|Any CPU
		{7D6A9D5B-24F1-42E0-8FB4-3AFD01295856}.Debug|Any CPU.Build.0 = Debug|Any CPU
		{7D6A9D5B-24F1-42E0-8FB4-3AFD01295856}.Release|Any CPU.ActiveCfg = Release|Any CPU
		{7D6A9D5B-24F1-42E0-8FB4-3AFD01295856}.Release|Any CPU.Build.0 = Release|Any CPU
		{7E8606D6-B93A-48C4-AD02-29C6DE07318D}.Debug|Any CPU.ActiveCfg = Debug|Any CPU
		{7E8606D6-B93A-48C4-AD02-29C6DE07318D}.Debug|Any CPU.Build.0 = Debug|Any CPU
		{7E8606D6-B93A-48C4-AD02-29C6DE07318D}.Release|Any CPU.ActiveCfg = Release|Any CPU
		{7E8606D6-B93A-48C4-AD02-29C6DE07318D}.Release|Any CPU.Build.0 = Release|Any CPU
		{C79D9E5F-CF01-4E3E-B2AB-AC0EC726761E}.Debug|Any CPU.ActiveCfg = Debug|Any CPU
		{C79D9E5F-CF01-4E3E-B2AB-AC0EC726761E}.Debug|Any CPU.Build.0 = Debug|Any CPU
		{C79D9E5F-CF01-4E3E-B2AB-AC0EC726761E}.Release|Any CPU.ActiveCfg = Release|Any CPU
		{C79D9E5F-CF01-4E3E-B2AB-AC0EC726761E}.Release|Any CPU.Build.0 = Release|Any CPU
		{F40C850B-1C4E-4D2B-9E19-A41E197B2D58}.Debug|Any CPU.ActiveCfg = Debug|Any CPU
		{F40C850B-1C4E-4D2B-9E19-A41E197B2D58}.Debug|Any CPU.Build.0 = Debug|Any CPU
		{F40C850B-1C4E-4D2B-9E19-A41E197B2D58}.Release|Any CPU.ActiveCfg = Release|Any CPU
		{F40C850B-1C4E-4D2B-9E19-A41E197B2D58}.Release|Any CPU.Build.0 = Release|Any CPU
		{9535AF5A-5275-41F6-820A-4109489AA715}.Debug|Any CPU.ActiveCfg = Debug|Any CPU
		{9535AF5A-5275-41F6-820A-4109489AA715}.Debug|Any CPU.Build.0 = Debug|Any CPU
		{9535AF5A-5275-41F6-820A-4109489AA715}.Release|Any CPU.ActiveCfg = Release|Any CPU
		{9535AF5A-5275-41F6-820A-4109489AA715}.Release|Any CPU.Build.0 = Release|Any CPU
		{AE7384DE-80DF-48C4-89C8-3D628D6A1C5D}.Debug|Any CPU.ActiveCfg = Debug|Any CPU
		{AE7384DE-80DF-48C4-89C8-3D628D6A1C5D}.Debug|Any CPU.Build.0 = Debug|Any CPU
		{AE7384DE-80DF-48C4-89C8-3D628D6A1C5D}.Release|Any CPU.ActiveCfg = Release|Any CPU
		{AE7384DE-80DF-48C4-89C8-3D628D6A1C5D}.Release|Any CPU.Build.0 = Release|Any CPU
		{324A8054-8D14-426C-B653-A947FFBC8C91}.Debug|Any CPU.ActiveCfg = Debug|Any CPU
		{324A8054-8D14-426C-B653-A947FFBC8C91}.Debug|Any CPU.Build.0 = Debug|Any CPU
		{324A8054-8D14-426C-B653-A947FFBC8C91}.Release|Any CPU.ActiveCfg = Release|Any CPU
		{324A8054-8D14-426C-B653-A947FFBC8C91}.Release|Any CPU.Build.0 = Release|Any CPU
		{7D7CB30B-8E52-40B1-8BA2-7FB5A29E242A}.Debug|Any CPU.ActiveCfg = Debug|Any CPU
		{7D7CB30B-8E52-40B1-8BA2-7FB5A29E242A}.Debug|Any CPU.Build.0 = Debug|Any CPU
		{7D7CB30B-8E52-40B1-8BA2-7FB5A29E242A}.Release|Any CPU.ActiveCfg = Release|Any CPU
		{7D7CB30B-8E52-40B1-8BA2-7FB5A29E242A}.Release|Any CPU.Build.0 = Release|Any CPU
	EndGlobalSection
EndGlobal
