Microsoft Visual Studio Solution File, Format Version 12.00
# Visual Studio Version 17
VisualStudioVersion = 17.0.31903.59
MinimumVisualStudioVersion = 10.0.40219.1
Project("{FAE04EC0-301F-11D3-BF4B-00C04F79EFBC}") = "EdrTest", "src\EdrTest\EdrTest.csproj", "{7D6A9D5B-24F1-42E0-8FB4-3AFD01295856}"
EndProject
Project("{FAE04EC0-301F-11D3-BF4B-00C04F79EFBC}") = "EdrTest.Tests", "tests\EdrTest.Tests\EdrTest.Tests.csproj", "{7E8606D6-B93A-48C4-AD02-29C6DE07318D}"
EndProject
Project("{FAE04EC0-301F-11D3-BF4B-00C04F79EFBC}") = "ProcessActivity.Protocol", "sample-src\ProcessActivity\ProcessActivity.Protocol\ProcessActivity.Protocol.csproj", "{C79D9E5F-CF01-4E3E-B2AB-AC0EC726761E}"
EndProject
Project("{FAE04EC0-301F-11D3-BF4B-00C04F79EFBC}") = "ProcessActivity.Behavior", "sample-src\ProcessActivity\ProcessActivity.Behavior\ProcessActivity.Behavior.csproj", "{F40C850B-1C4E-4D2B-9E19-A41E197B2D58}"
EndProject
Project("{FAE04EC0-301F-11D3-BF4B-00C04F79EFBC}") = "ProcessActivity.Controller", "sample-src\ProcessActivity\ProcessActivity.Controller\ProcessActivity.Controller.csproj", "{9535AF5A-5275-41F6-820A-4109489AA715}"
EndProject
Project("{FAE04EC0-301F-11D3-BF4B-00C04F79EFBC}") = "FileManipulation.Protocol", "sample-src\FileManipulation\FileManipulation.Protocol\FileManipulation.Protocol.csproj", "{AE7384DE-80DF-48C4-89C8-3D628D6A1C5D}"
EndProject
Project("{FAE04EC0-301F-11D3-BF4B-00C04F79EFBC}") = "FileManipulation.Behavior", "sample-src\FileManipulation\FileManipulation.Behavior\FileManipulation.Behavior.csproj", "{324A8054-8D14-426C-B653-A947FFBC8C91}"
EndProject
Project("{FAE04EC0-301F-11D3-BF4B-00C04F79EFBC}") = "FileManipulation.Controller", "sample-src\FileManipulation\FileManipulation.Controller\FileManipulation.Controller.csproj", "{7D7CB30B-8E52-40B1-8BA2-7FB5A29E242A}"
EndProject
Project("{FAE04EC0-301F-11D3-BF4B-00C04F79EFBC}") = "UserAccountActivity.Protocol", "sample-src\UserAccountActivity\UserAccountActivity.Protocol\UserAccountActivity.Protocol.csproj", "{9AFA6BBC-6076-4C41-8295-2857DAB0A468}"
EndProject
Project("{FAE04EC0-301F-11D3-BF4B-00C04F79EFBC}") = "UserAccountActivity.Behavior", "sample-src\UserAccountActivity\UserAccountActivity.Behavior\UserAccountActivity.Behavior.csproj", "{60CA0F70-A03D-4294-B73B-45531A1F4862}"
EndProject
Project("{FAE04EC0-301F-11D3-BF4B-00C04F79EFBC}") = "UserAccountActivity.Controller", "sample-src\UserAccountActivity\UserAccountActivity.Controller\UserAccountActivity.Controller.csproj", "{3CFBE7D8-85E2-40DC-A893-CFE2C1DA2E5C}"
EndProject
Project("{FAE04EC0-301F-11D3-BF4B-00C04F79EFBC}") = "NetworkActivity.Protocol", "sample-src\NetworkActivity\NetworkActivity.Protocol\NetworkActivity.Protocol.csproj", "{A2C89E17-7E14-49B8-B1F1-9915B250BD64}"
EndProject
Project("{FAE04EC0-301F-11D3-BF4B-00C04F79EFBC}") = "NetworkActivity.Behavior", "sample-src\NetworkActivity\NetworkActivity.Behavior\NetworkActivity.Behavior.csproj", "{E566DF4D-C64A-4788-93A4-3321800723D4}"
EndProject
Project("{FAE04EC0-301F-11D3-BF4B-00C04F79EFBC}") = "NetworkActivity.Controller", "sample-src\NetworkActivity\NetworkActivity.Controller\NetworkActivity.Controller.csproj", "{BF00FB85-9B9A-45C3-B315-2F5EF88767AD}"
EndProject
Project("{FAE04EC0-301F-11D3-BF4B-00C04F79EFBC}") = "RegistryActivity.Protocol", "sample-src\RegistryActivity\RegistryActivity.Protocol\RegistryActivity.Protocol.csproj", "{9DC72491-C69E-4E0A-A799-C6F99779D2AB}"
EndProject
Project("{FAE04EC0-301F-11D3-BF4B-00C04F79EFBC}") = "RegistryActivity.Behavior", "sample-src\RegistryActivity\RegistryActivity.Behavior\RegistryActivity.Behavior.csproj", "{95192A01-BBE8-46C8-8B37-72E5FD9E0B45}"
EndProject
Project("{FAE04EC0-301F-11D3-BF4B-00C04F79EFBC}") = "RegistryActivity.Controller", "sample-src\RegistryActivity\RegistryActivity.Controller\RegistryActivity.Controller.csproj", "{67FB5080-D5B9-49F4-93EE-6320756AC304}"
EndProject
Project("{FAE04EC0-301F-11D3-BF4B-00C04F79EFBC}") = "ScheduledTaskActivity.Protocol", "sample-src\ScheduledTaskActivity\ScheduledTaskActivity.Protocol\ScheduledTaskActivity.Protocol.csproj", "{54BC4E59-C69C-4794-94F9-8AF8BA8E20D5}"
EndProject
Project("{FAE04EC0-301F-11D3-BF4B-00C04F79EFBC}") = "ScheduledTaskActivity.Behavior", "sample-src\ScheduledTaskActivity\ScheduledTaskActivity.Behavior\ScheduledTaskActivity.Behavior.csproj", "{B793CB8A-5F02-4D48-9F24-D8234BE3A52D}"
EndProject
Project("{FAE04EC0-301F-11D3-BF4B-00C04F79EFBC}") = "ScheduledTaskActivity.Controller", "sample-src\ScheduledTaskActivity\ScheduledTaskActivity.Controller\ScheduledTaskActivity.Controller.csproj", "{E4E07123-763C-4439-A58C-FEEBC194E593}"
EndProject
Project("{FAE04EC0-301F-11D3-BF4B-00C04F79EFBC}") = "ServiceActivity.Protocol", "sample-src\ServiceActivity\ServiceActivity.Protocol\ServiceActivity.Protocol.csproj", "{9F31D86A-B3D0-4C4F-9F04-A0D58E7952C1}"
EndProject
Project("{FAE04EC0-301F-11D3-BF4B-00C04F79EFBC}") = "ServiceActivity.Behavior", "sample-src\ServiceActivity\ServiceActivity.Behavior\ServiceActivity.Behavior.csproj", "{A8B17829-2D79-4C11-94D5-6BC2E5EA2B88}"
EndProject
Project("{FAE04EC0-301F-11D3-BF4B-00C04F79EFBC}") = "ServiceActivity.Controller", "sample-src\ServiceActivity\ServiceActivity.Controller\ServiceActivity.Controller.csproj", "{8B53BEAD-15AB-41EE-8C64-B07803258039}"
EndProject
Global
	GlobalSection(SolutionConfigurationPlatforms) = preSolution
		Debug|Any CPU = Debug|Any CPU
		Release|Any CPU = Release|Any CPU
	EndGlobalSection
	GlobalSection(ProjectConfigurationPlatforms) = postSolution
		{7D6A9D5B-24F1-42E0-8FB4-3AFD01295856}.Debug|Any CPU.ActiveCfg = Debug|Any CPU
		{7D6A9D5B-24F1-42E0-8FB4-3AFD01295856}.Debug|Any CPU.Build.0 = Debug|Any CPU
		{7D6A9D5B-24F1-42E0-8FB4-3AFD01295856}.Release|Any CPU.ActiveCfg = Release|Any CPU
		{7D6A9D5B-24F1-42E0-8FB4-3AFD01295856}.Release|Any CPU.Build.0 = Release|Any CPU
		{7E8606D6-B93A-48C4-AD02-29C6DE07318D}.Debug|Any CPU.ActiveCfg = Debug|Any CPU
		{7E8606D6-B93A-48C4-AD02-29C6DE07318D}.Debug|Any CPU.Build.0 = Debug|Any CPU
		{7E8606D6-B93A-48C4-AD02-29C6DE07318D}.Release|Any CPU.ActiveCfg = Release|Any CPU
		{7E8606D6-B93A-48C4-AD02-29C6DE07318D}.Release|Any CPU.Build.0 = Release|Any CPU
		{C79D9E5F-CF01-4E3E-B2AB-AC0EC726761E}.Debug|Any CPU.ActiveCfg = Debug|Any CPU
		{C79D9E5F-CF01-4E3E-B2AB-AC0EC726761E}.Debug|Any CPU.Build.0 = Debug|Any CPU
		{C79D9E5F-CF01-4E3E-B2AB-AC0EC726761E}.Release|Any CPU.ActiveCfg = Release|Any CPU
		{C79D9E5F-CF01-4E3E-B2AB-AC0EC726761E}.Release|Any CPU.Build.0 = Release|Any CPU
		{F40C850B-1C4E-4D2B-9E19-A41E197B2D58}.Debug|Any CPU.ActiveCfg = Debug|Any CPU
		{F40C850B-1C4E-4D2B-9E19-A41E197B2D58}.Debug|Any CPU.Build.0 = Debug|Any CPU
		{F40C850B-1C4E-4D2B-9E19-A41E197B2D58}.Release|Any CPU.ActiveCfg = Release|Any CPU
		{F40C850B-1C4E-4D2B-9E19-A41E197B2D58}.Release|Any CPU.Build.0 = Release|Any CPU
		{9535AF5A-5275-41F6-820A-4109489AA715}.Debug|Any CPU.ActiveCfg = Debug|Any CPU
		{9535AF5A-5275-41F6-820A-4109489AA715}.Debug|Any CPU.Build.0 = Debug|Any CPU
		{9535AF5A-5275-41F6-820A-4109489AA715}.Release|Any CPU.ActiveCfg = Release|Any CPU
		{9535AF5A-5275-41F6-820A-4109489AA715}.Release|Any CPU.Build.0 = Release|Any CPU
		{AE7384DE-80DF-48C4-89C8-3D628D6A1C5D}.Debug|Any CPU.ActiveCfg = Debug|Any CPU
		{AE7384DE-80DF-48C4-89C8-3D628D6A1C5D}.Debug|Any CPU.Build.0 = Debug|Any CPU
		{AE7384DE-80DF-48C4-89C8-3D628D6A1C5D}.Release|Any CPU.ActiveCfg = Release|Any CPU
		{AE7384DE-80DF-48C4-89C8-3D628D6A1C5D}.Release|Any CPU.Build.0 = Release|Any CPU
		{324A8054-8D14-426C-B653-A947FFBC8C91}.Debug|Any CPU.ActiveCfg = Debug|Any CPU
		{324A8054-8D14-426C-B653-A947FFBC8C91}.Debug|Any CPU.Build.0 = Debug|Any CPU
		{324A8054-8D14-426C-B653-A947FFBC8C91}.Release|Any CPU.ActiveCfg = Release|Any CPU
		{324A8054-8D14-426C-B653-A947FFBC8C91}.Release|Any CPU.Build.0 = Release|Any CPU
		{7D7CB30B-8E52-40B1-8BA2-7FB5A29E242A}.Debug|Any CPU.ActiveCfg = Debug|Any CPU
		{7D7CB30B-8E52-40B1-8BA2-7FB5A29E242A}.Debug|Any CPU.Build.0 = Debug|Any CPU
		{7D7CB30B-8E52-40B1-8BA2-7FB5A29E242A}.Release|Any CPU.ActiveCfg = Release|Any CPU
		{7D7CB30B-8E52-40B1-8BA2-7FB5A29E242A}.Release|Any CPU.Build.0 = Release|Any CPU
		{9AFA6BBC-6076-4C41-8295-2857DAB0A468}.Debug|Any CPU.ActiveCfg = Debug|Any CPU
		{9AFA6BBC-6076-4C41-8295-2857DAB0A468}.Debug|Any CPU.Build.0 = Debug|Any CPU
		{9AFA6BBC-6076-4C41-8295-2857DAB0A468}.Release|Any CPU.ActiveCfg = Release|Any CPU
		{9AFA6BBC-6076-4C41-8295-2857DAB0A468}.Release|Any CPU.Build.0 = Release|Any CPU
		{60CA0F70-A03D-4294-B73B-45531A1F4862}.Debug|Any CPU.ActiveCfg = Debug|Any CPU
		{60CA0F70-A03D-4294-B73B-45531A1F4862}.Debug|Any CPU.Build.0 = Debug|Any CPU
		{60CA0F70-A03D-4294-B73B-45531A1F4862}.Release|Any CPU.ActiveCfg = Release|Any CPU
		{60CA0F70-A03D-4294-B73B-45531A1F4862}.Release|Any CPU.Build.0 = Release|Any CPU
		{3CFBE7D8-85E2-40DC-A893-CFE2C1DA2E5C}.Debug|Any CPU.ActiveCfg = Debug|Any CPU
		{3CFBE7D8-85E2-40DC-A893-CFE2C1DA2E5C}.Debug|Any CPU.Build.0 = Debug|Any CPU
		{3CFBE7D8-85E2-40DC-A893-CFE2C1DA2E5C}.Release|Any CPU.ActiveCfg = Release|Any CPU
		{3CFBE7D8-85E2-40DC-A893-CFE2C1DA2E5C}.Release|Any CPU.Build.0 = Release|Any CPU
		{A2C89E17-7E14-49B8-B1F1-9915B250BD64}.Debug|Any CPU.ActiveCfg = Debug|Any CPU
		{A2C89E17-7E14-49B8-B1F1-9915B250BD64}.Debug|Any CPU.Build.0 = Debug|Any CPU
		{A2C89E17-7E14-49B8-B1F1-9915B250BD64}.Release|Any CPU.ActiveCfg = Release|Any CPU
		{A2C89E17-7E14-49B8-B1F1-9915B250BD64}.Release|Any CPU.Build.0 = Release|Any CPU
		{E566DF4D-C64A-4788-93A4-3321800723D4}.Debug|Any CPU.ActiveCfg = Debug|Any CPU
		{E566DF4D-C64A-4788-93A4-3321800723D4}.Debug|Any CPU.Build.0 = Debug|Any CPU
		{E566DF4D-C64A-4788-93A4-3321800723D4}.Release|Any CPU.ActiveCfg = Release|Any CPU
		{E566DF4D-C64A-4788-93A4-3321800723D4}.Release|Any CPU.Build.0 = Release|Any CPU
		{BF00FB85-9B9A-45C3-B315-2F5EF88767AD}.Debug|Any CPU.ActiveCfg = Debug|Any CPU
		{BF00FB85-9B9A-45C3-B315-2F5EF88767AD}.Debug|Any CPU.Build.0 = Debug|Any CPU
		{BF00FB85-9B9A-45C3-B315-2F5EF88767AD}.Release|Any CPU.ActiveCfg = Release|Any CPU
		{BF00FB85-9B9A-45C3-B315-2F5EF88767AD}.Release|Any CPU.Build.0 = Release|Any CPU
		{9DC72491-C69E-4E0A-A799-C6F99779D2AB}.Debug|Any CPU.ActiveCfg = Debug|Any CPU
		{9DC72491-C69E-4E0A-A799-C6F99779D2AB}.Debug|Any CPU.Build.0 = Debug|Any CPU
		{9DC72491-C69E-4E0A-A799-C6F99779D2AB}.Release|Any CPU.ActiveCfg = Release|Any CPU
		{9DC72491-C69E-4E0A-A799-C6F99779D2AB}.Release|Any CPU.Build.0 = Release|Any CPU
		{95192A01-BBE8-46C8-8B37-72E5FD9E0B45}.Debug|Any CPU.ActiveCfg = Debug|Any CPU
		{95192A01-BBE8-46C8-8B37-72E5FD9E0B45}.Debug|Any CPU.Build.0 = Debug|Any CPU
		{95192A01-BBE8-46C8-8B37-72E5FD9E0B45}.Release|Any CPU.ActiveCfg = Release|Any CPU
		{95192A01-BBE8-46C8-8B37-72E5FD9E0B45}.Release|Any CPU.Build.0 = Release|Any CPU
		{67FB5080-D5B9-49F4-93EE-6320756AC304}.Debug|Any CPU.ActiveCfg = Debug|Any CPU
		{67FB5080-D5B9-49F4-93EE-6320756AC304}.Debug|Any CPU.Build.0 = Debug|Any CPU
		{67FB5080-D5B9-49F4-93EE-6320756AC304}.Release|Any CPU.ActiveCfg = Release|Any CPU
		{67FB5080-D5B9-49F4-93EE-6320756AC304}.Release|Any CPU.Build.0 = Release|Any CPU
		{54BC4E59-C69C-4794-94F9-8AF8BA8E20D5}.Debug|Any CPU.ActiveCfg = Debug|Any CPU
		{54BC4E59-C69C-4794-94F9-8AF8BA8E20D5}.Debug|Any CPU.Build.0 = Debug|Any CPU
		{54BC4E59-C69C-4794-94F9-8AF8BA8E20D5}.Release|Any CPU.ActiveCfg = Release|Any CPU
		{54BC4E59-C69C-4794-94F9-8AF8BA8E20D5}.Release|Any CPU.Build.0 = Release|Any CPU
		{B793CB8A-5F02-4D48-9F24-D8234BE3A52D}.Debug|Any CPU.ActiveCfg = Debug|Any CPU
		{B793CB8A-5F02-4D48-9F24-D8234BE3A52D}.Debug|Any CPU.Build.0 = Debug|Any CPU
		{B793CB8A-5F02-4D48-9F24-D8234BE3A52D}.Release|Any CPU.ActiveCfg = Release|Any CPU
		{B793CB8A-5F02-4D48-9F24-D8234BE3A52D}.Release|Any CPU.Build.0 = Release|Any CPU
		{E4E07123-763C-4439-A58C-FEEBC194E593}.Debug|Any CPU.ActiveCfg = Debug|Any CPU
		{E4E07123-763C-4439-A58C-FEEBC194E593}.Debug|Any CPU.Build.0 = Debug|Any CPU
		{E4E07123-763C-4439-A58C-FEEBC194E593}.Release|Any CPU.ActiveCfg = Release|Any CPU
		{E4E07123-763C-4439-A58C-FEEBC194E593}.Release|Any CPU.Build.0 = Release|Any CPU
		{9F31D86A-B3D0-4C4F-9F04-A0D58E7952C1}.Debug|Any CPU.ActiveCfg = Debug|Any CPU
		{9F31D86A-B3D0-4C4F-9F04-A0D58E7952C1}.Debug|Any CPU.Build.0 = Debug|Any CPU
		{9F31D86A-B3D0-4C4F-9F04-A0D58E7952C1}.Release|Any CPU.ActiveCfg = Release|Any CPU
		{9F31D86A-B3D0-4C4F-9F04-A0D58E7952C1}.Release|Any CPU.Build.0 = Release|Any CPU
		{A8B17829-2D79-4C11-94D5-6BC2E5EA2B88}.Debug|Any CPU.ActiveCfg = Debug|Any CPU
		{A8B17829-2D79-4C11-94D5-6BC2E5EA2B88}.Debug|Any CPU.Build.0 = Debug|Any CPU
		{A8B17829-2D79-4C11-94D5-6BC2E5EA2B88}.Release|Any CPU.ActiveCfg = Release|Any CPU
		{A8B17829-2D79-4C11-94D5-6BC2E5EA2B88}.Release|Any CPU.Build.0 = Release|Any CPU
		{8B53BEAD-15AB-41EE-8C64-B07803258039}.Debug|Any CPU.ActiveCfg = Debug|Any CPU
		{8B53BEAD-15AB-41EE-8C64-B07803258039}.Debug|Any CPU.Build.0 = Debug|Any CPU
		{8B53BEAD-15AB-41EE-8C64-B07803258039}.Release|Any CPU.ActiveCfg = Release|Any CPU
		{8B53BEAD-15AB-41EE-8C64-B07803258039}.Release|Any CPU.Build.0 = Release|Any CPU
	EndGlobalSection
EndGlobal
