
Microsoft Visual Studio Solution File, Format Version 12.00
# Visual Studio Version 17
VisualStudioVersion = 17.0.31903.59
MinimumVisualStudioVersion = 10.0.40219.1
Project("{FAE04EC0-301F-11D3-BF4B-00C04F79EFBC}") = "EdrTest", "src\EdrTest\EdrTest.csproj", "{7D6A9D5B-24F1-42E0-8FB4-3AFD01295856}"
EndProject
Project("{FAE04EC0-301F-11D3-BF4B-00C04F79EFBC}") = "EdrTest.Tests", "tests\EdrTest.Tests\EdrTest.Tests.csproj", "{7E8606D6-B93A-48C4-AD02-29C6DE07318D}"
EndProject
Project("{FAE04EC0-301F-11D3-BF4B-00C04F79EFBC}") = "ProcessActivity.Protocol", "sample-src\ProcessActivity\ProcessActivity.Protocol\ProcessActivity.Protocol.csproj", "{C79D9E5F-CF01-4E3E-B2AB-AC0EC726761E}"
EndProject
Project("{FAE04EC0-301F-11D3-BF4B-00C04F79EFBC}") = "ProcessActivity.Behavior", "sample-src\ProcessActivity\ProcessActivity.Behavior\ProcessActivity.Behavior.csproj", "{F40C850B-1C4E-4D2B-9E19-A41E197B2D58}"
EndProject
Project("{FAE04EC0-301F-11D3-BF4B-00C04F79EFBC}") = "ProcessActivity.Controller", "sample-src\ProcessActivity\ProcessActivity.Controller\ProcessActivity.Controller.csproj", "{9535AF5A-5275-41F6-820A-4109489AA715}"
EndProject
Project("{FAE04EC0-301F-11D3-BF4B-00C04F79EFBC}") = "FileManipulation.Protocol", "sample-src\FileManipulation\FileManipulation.Protocol\FileManipulation.Protocol.csproj", "{AE7384DE-80DF-48C4-89C8-3D628D6A1C5D}"
EndProject
Project("{FAE04EC0-301F-11D3-BF4B-00C04F79EFBC}") = "FileManipulation.Behavior", "sample-src\FileManipulation\FileManipulation.Behavior\FileManipulation.Behavior.csproj", "{324A8054-8D14-426C-B653-A947FFBC8C91}"
EndProject
Project("{FAE04EC0-301F-11D3-BF4B-00C04F79EFBC}") = "FileManipulation.Controller", "sample-src\FileManipulation\FileManipulation.Controller\FileManipulation.Controller.csproj", "{7D7CB30B-8E52-40B1-8BA2-7FB5A29E242A}"
EndProject
Project("{FAE04EC0-301F-11D3-BF4B-00C04F79EFBC}") = "HashAlgorithms.Protocol", "sample-src\HashAlgorithms\HashAlgorithms.Protocol\HashAlgorithms.Protocol.csproj", "{D1691678-EC78-4B0B-AEE3-A048850C04D4}"
EndProject
Project("{FAE04EC0-301F-11D3-BF4B-00C04F79EFBC}") = "HashAlgorithms.Behavior", "sample-src\HashAlgorithms\HashAlgorithms.Behavior\HashAlgorithms.Behavior.csproj", "{95D1CCDC-C76A-4519-9A57-D3AC1FE51D4D}"
EndProject
Project("{FAE04EC0-301F-11D3-BF4B-00C04F79EFBC}") = "HashAlgorithms.Controller", "sample-src\HashAlgorithms\HashAlgorithms.Controller\HashAlgorithms.Controller.csproj", "{06CE410A-B8DD-49A9-8342-FBD514D1C0DD}"
EndProject
Project("{FAE04EC0-301F-11D3-BF4B-00C04F79EFBC}") = "UserAccountActivity.Protocol", "sample-src\UserAccountActivity\UserAccountActivity.Protocol\UserAccountActivity.Protocol.csproj", "{9AFA6BBC-6076-4C41-8295-2857DAB0A468}"
EndProject
Project("{FAE04EC0-301F-11D3-BF4B-00C04F79EFBC}") = "UserAccountActivity.Behavior", "sample-src\UserAccountActivity\UserAccountActivity.Behavior\UserAccountActivity.Behavior.csproj", "{60CA0F70-A03D-4294-B73B-45531A1F4862}"
EndProject
Project("{FAE04EC0-301F-11D3-BF4B-00C04F79EFBC}") = "UserAccountActivity.Controller", "sample-src\UserAccountActivity\UserAccountActivity.Controller\UserAccountActivity.Controller.csproj", "{3CFBE7D8-85E2-40DC-A893-CFE2C1DA2E5C}"
EndProject
Project("{FAE04EC0-301F-11D3-BF4B-00C04F79EFBC}") = "NetworkActivity.Protocol", "sample-src\NetworkActivity\NetworkActivity.Protocol\NetworkActivity.Protocol.csproj", "{A2C89E17-7E14-49B8-B1F1-9915B250BD64}"
EndProject
Project("{FAE04EC0-301F-11D3-BF4B-00C04F79EFBC}") = "NetworkActivity.Behavior", "sample-src\NetworkActivity\NetworkActivity.Behavior\NetworkActivity.Behavior.csproj", "{E566DF4D-C64A-4788-93A4-3321800723D4}"
EndProject
Project("{FAE04EC0-301F-11D3-BF4B-00C04F79EFBC}") = "NetworkActivity.Controller", "sample-src\NetworkActivity\NetworkActivity.Controller\NetworkActivity.Controller.csproj", "{BF00FB85-9B9A-45C3-B315-2F5EF88767AD}"
EndProject
Project("{FAE04EC0-301F-11D3-BF4B-00C04F79EFBC}") = "RegistryActivity.Protocol", "sample-src\RegistryActivity\RegistryActivity.Protocol\RegistryActivity.Protocol.csproj", "{9DC72491-C69E-4E0A-A799-C6F99779D2AB}"
EndProject
Project("{FAE04EC0-301F-11D3-BF4B-00C04F79EFBC}") = "RegistryActivity.Behavior", "sample-src\RegistryActivity\RegistryActivity.Behavior\RegistryActivity.Behavior.csproj", "{95192A01-BBE8-46C8-8B37-72E5FD9E0B45}"
EndProject
Project("{FAE04EC0-301F-11D3-BF4B-00C04F79EFBC}") = "RegistryActivity.Controller", "sample-src\RegistryActivity\RegistryActivity.Controller\RegistryActivity.Controller.csproj", "{67FB5080-D5B9-49F4-93EE-6320756AC304}"
EndProject
Project("{FAE04EC0-301F-11D3-BF4B-00C04F79EFBC}") = "ScheduledTaskActivity.Protocol", "sample-src\ScheduledTaskActivity\ScheduledTaskActivity.Protocol\ScheduledTaskActivity.Protocol.csproj", "{54BC4E59-C69C-4794-94F9-8AF8BA8E20D5}"
EndProject
Project("{FAE04EC0-301F-11D3-BF4B-00C04F79EFBC}") = "ScheduledTaskActivity.Behavior", "sample-src\ScheduledTaskActivity\ScheduledTaskActivity.Behavior\ScheduledTaskActivity.Behavior.csproj", "{B793CB8A-5F02-4D48-9F24-D8234BE3A52D}"
EndProject
Project("{FAE04EC0-301F-11D3-BF4B-00C04F79EFBC}") = "ScheduledTaskActivity.Controller", "sample-src\ScheduledTaskActivity\ScheduledTaskActivity.Controller\ScheduledTaskActivity.Controller.csproj", "{E4E07123-763C-4439-A58C-FEEBC194E593}"
EndProject
Project("{FAE04EC0-301F-11D3-BF4B-00C04F79EFBC}") = "ServiceActivity.Protocol", "sample-src\ServiceActivity\ServiceActivity.Protocol\ServiceActivity.Protocol.csproj", "{9F31D86A-B3D0-4C4F-9F04-A0D58E7952C1}"
EndProject
Project("{FAE04EC0-301F-11D3-BF4B-00C04F79EFBC}") = "ServiceActivity.Behavior", "sample-src\ServiceActivity\ServiceActivity.Behavior\ServiceActivity.Behavior.csproj", "{A8B17829-2D79-4C11-94D5-6BC2E5EA2B88}"
EndProject
Project("{FAE04EC0-301F-11D3-BF4B-00C04F79EFBC}") = "ServiceActivity.Controller", "sample-src\ServiceActivity\ServiceActivity.Controller\ServiceActivity.Controller.csproj", "{8B53BEAD-15AB-41EE-8C64-B07803258039}"
EndProject
Project("{FAE04EC0-301F-11D3-BF4B-00C04F79EFBC}") = "GroupPolicyActivity.Protocol", "sample-src\GroupPolicyActivity\GroupPolicyActivity.Protocol\GroupPolicyActivity.Protocol.csproj", "{A1111111-11A1-41A1-81A1-111111111111}"
EndProject
Project("{FAE04EC0-301F-11D3-BF4B-00C04F79EFBC}") = "GroupPolicyActivity.Behavior", "sample-src\GroupPolicyActivity\GroupPolicyActivity.Behavior\GroupPolicyActivity.Behavior.csproj", "{A2222222-22A2-42A2-82A2-222222222222}"
EndProject
Project("{FAE04EC0-301F-11D3-BF4B-00C04F79EFBC}") = "GroupPolicyActivity.Controller", "sample-src\GroupPolicyActivity\GroupPolicyActivity.Controller\GroupPolicyActivity.Controller.csproj", "{A3333333-33A3-43A3-83A3-333333333333}"
EndProject
Project("{FAE04EC0-301F-11D3-BF4B-00C04F79EFBC}") = "NamedPipeActivity.Protocol", "sample-src\NamedPipeActivity\NamedPipeActivity.Protocol\NamedPipeActivity.Protocol.csproj", "{B1111111-11B1-41B1-81B1-111111111111}"
EndProject
Project("{FAE04EC0-301F-11D3-BF4B-00C04F79EFBC}") = "NamedPipeActivity.Behavior", "sample-src\NamedPipeActivity\NamedPipeActivity.Behavior\NamedPipeActivity.Behavior.csproj", "{B2222222-22B2-42B2-82B2-222222222222}"
EndProject
Project("{FAE04EC0-301F-11D3-BF4B-00C04F79EFBC}") = "NamedPipeActivity.Controller", "sample-src\NamedPipeActivity\NamedPipeActivity.Controller\NamedPipeActivity.Controller.csproj", "{B3333333-33B3-43B3-83B3-333333333333}"
EndProject
Project("{2150E333-8FDC-42A3-9474-1A3956D46DE8}") = "sample-src", "sample-src", "{98EF7209-9DA7-57AE-EFEB-69DD7FDC3B6D}"
EndProject
Project("{2150E333-8FDC-42A3-9474-1A3956D46DE8}") = "PowerShellActivity", "PowerShellActivity", "{4D950A78-362C-7C52-A7D4-89D246644999}"
EndProject
Project("{FAE04EC0-301F-11D3-BF4B-00C04F79EFBC}") = "PowerShellActivity.Protocol", "sample-src\PowerShellActivity\PowerShellActivity.Protocol\PowerShellActivity.Protocol.csproj", "{1D61F677-F286-4168-A645-927A9FBC3447}"
EndProject
Project("{FAE04EC0-301F-11D3-BF4B-00C04F79EFBC}") = "PowerShellActivity.Behavior", "sample-src\PowerShellActivity\PowerShellActivity.Behavior\PowerShellActivity.Behavior.csproj", "{333C062B-CE73-4DDC-9E98-C99AA254239D}"
EndProject
Project("{FAE04EC0-301F-11D3-BF4B-00C04F79EFBC}") = "PowerShellActivity.Controller", "sample-src\PowerShellActivity\PowerShellActivity.Controller\PowerShellActivity.Controller.csproj", "{AB214CFD-07CF-4DA5-B0F6-C2C459207D18}"
EndProject
Project("{2150E333-8FDC-42A3-9474-1A3956D46DE8}") = "BitsActivity", "BitsActivity", "{297E2E18-E535-9DDB-7571-6ECDAA795235}"
EndProject
Project("{FAE04EC0-301F-11D3-BF4B-00C04F79EFBC}") = "BitsActivity.Protocol", "sample-src\BitsActivity\BitsActivity.Protocol\BitsActivity.Protocol.csproj", "{CEE47F70-CC98-47D8-82D0-D113F096EE38}"
EndProject
Project("{FAE04EC0-301F-11D3-BF4B-00C04F79EFBC}") = "BitsActivity.Behavior", "sample-src\BitsActivity\BitsActivity.Behavior\BitsActivity.Behavior.csproj", "{0D644E8C-67C5-43A6-A36C-903ECFB1B28B}"
EndProject
Project("{FAE04EC0-301F-11D3-BF4B-00C04F79EFBC}") = "BitsActivity.Controller", "sample-src\BitsActivity\BitsActivity.Controller\BitsActivity.Controller.csproj", "{0BEBC690-0C78-455D-A16E-08B5D2C64804}"
EndProject
Project("{2150E333-8FDC-42A3-9474-1A3956D46DE8}") = "WmiActivity", "WmiActivity", "{D4444444-44D4-44D4-84D4-444444444444}"
EndProject
Project("{FAE04EC0-301F-11D3-BF4B-00C04F79EFBC}") = "WmiActivity.Protocol", "sample-src\WmiActivity\WmiActivity.Protocol\WmiActivity.Protocol.csproj", "{D1111111-11D1-41D1-81D1-111111111111}"
EndProject
Project("{FAE04EC0-301F-11D3-BF4B-00C04F79EFBC}") = "WmiActivity.Behavior", "sample-src\WmiActivity\WmiActivity.Behavior\WmiActivity.Behavior.csproj", "{D2222222-22D2-42D2-82D2-222222222222}"
EndProject
Project("{FAE04EC0-301F-11D3-BF4B-00C04F79EFBC}") = "WmiActivity.Controller", "sample-src\WmiActivity\WmiActivity.Controller\WmiActivity.Controller.csproj", "{D3333333-33D3-43D3-83D3-333333333333}"
EndProject
Project("{2150E333-8FDC-42A3-9474-1A3956D46DE8}") = "VirtualDiskActivity", "VirtualDiskActivity", "{E4444444-44E4-44E4-84E4-444444444444}"
EndProject
Project("{FAE04EC0-301F-11D3-BF4B-00C04F79EFBC}") = "VirtualDiskActivity.Protocol", "sample-src\VirtualDiskActivity\VirtualDiskActivity.Protocol\VirtualDiskActivity.Protocol.csproj", "{E1111111-11E1-41E1-81E1-111111111111}"
EndProject
Project("{FAE04EC0-301F-11D3-BF4B-00C04F79EFBC}") = "VirtualDiskActivity.Behavior", "sample-src\VirtualDiskActivity\VirtualDiskActivity.Behavior\VirtualDiskActivity.Behavior.csproj", "{E2222222-22E2-42E2-82E2-222222222222}"
EndProject
Project("{FAE04EC0-301F-11D3-BF4B-00C04F79EFBC}") = "VirtualDiskActivity.Controller", "sample-src\VirtualDiskActivity\VirtualDiskActivity.Controller\VirtualDiskActivity.Controller.csproj", "{E3333333-33E3-43E3-83E3-333333333333}"
EndProject
Project("{2150E333-8FDC-42A3-9474-1A3956D46DE8}") = "DriverActivity", "DriverActivity", "{F4444444-44F4-44F4-84F4-444444444444}"
EndProject
Project("{FAE04EC0-301F-11D3-BF4B-00C04F79EFBC}") = "DriverActivity.Protocol", "sample-src\DriverActivity\DriverActivity.Protocol\DriverActivity.Protocol.csproj", "{F1111111-11F1-41F1-81F1-111111111111}"
EndProject
Project("{FAE04EC0-301F-11D3-BF4B-00C04F79EFBC}") = "DriverActivity.Behavior", "sample-src\DriverActivity\DriverActivity.Behavior\DriverActivity.Behavior.csproj", "{F2222222-22F2-42F2-82F2-222222222222}"
EndProject
Project("{FAE04EC0-301F-11D3-BF4B-00C04F79EFBC}") = "DriverActivity.Controller", "sample-src\DriverActivity\DriverActivity.Controller\DriverActivity.Controller.csproj", "{F3333333-33F3-43F3-83F3-333333333333}"
EndProject
Project("{2150E333-8FDC-42A3-9474-1A3956D46DE8}") = "UsbDeviceActivity", "UsbDeviceActivity", "{A7444444-44A7-44A7-84A7-444444444444}"
EndProject
Project("{FAE04EC0-301F-11D3-BF4B-00C04F79EFBC}") = "UsbDeviceActivity.Protocol", "sample-src\UsbDeviceActivity\UsbDeviceActivity.Protocol\UsbDeviceActivity.Protocol.csproj", "{A7111111-11A7-41A7-81A7-111111111111}"
EndProject
Project("{FAE04EC0-301F-11D3-BF4B-00C04F79EFBC}") = "UsbDeviceActivity.Behavior", "sample-src\UsbDeviceActivity\UsbDeviceActivity.Behavior\UsbDeviceActivity.Behavior.csproj", "{A7222222-22A7-42A7-82A7-222222222222}"
EndProject
Project("{FAE04EC0-301F-11D3-BF4B-00C04F79EFBC}") = "UsbDeviceActivity.Controller", "sample-src\UsbDeviceActivity\UsbDeviceActivity.Controller\UsbDeviceActivity.Controller.csproj", "{A7333333-33A7-43A7-83A7-333333333333}"
EndProject
Global
	GlobalSection(SolutionConfigurationPlatforms) = preSolution
		Debug|Any CPU = Debug|Any CPU
		Debug|x64 = Debug|x64
		Debug|x86 = Debug|x86
		Release|Any CPU = Release|Any CPU
		Release|x64 = Release|x64
		Release|x86 = Release|x86
	EndGlobalSection
	GlobalSection(ProjectConfigurationPlatforms) = postSolution
		{7D6A9D5B-24F1-42E0-8FB4-3AFD01295856}.Debug|Any CPU.ActiveCfg = Debug|Any CPU
		{7D6A9D5B-24F1-42E0-8FB4-3AFD01295856}.Debug|Any CPU.Build.0 = Debug|Any CPU
		{7D6A9D5B-24F1-42E0-8FB4-3AFD01295856}.Debug|x64.ActiveCfg = Debug|Any CPU
		{7D6A9D5B-24F1-42E0-8FB4-3AFD01295856}.Debug|x64.Build.0 = Debug|Any CPU
		{7D6A9D5B-24F1-42E0-8FB4-3AFD01295856}.Debug|x86.ActiveCfg = Debug|Any CPU
		{7D6A9D5B-24F1-42E0-8FB4-3AFD01295856}.Debug|x86.Build.0 = Debug|Any CPU
		{7D6A9D5B-24F1-42E0-8FB4-3AFD01295856}.Release|Any CPU.ActiveCfg = Release|Any CPU
		{7D6A9D5B-24F1-42E0-8FB4-3AFD01295856}.Release|Any CPU.Build.0 = Release|Any CPU
		{7D6A9D5B-24F1-42E0-8FB4-3AFD01295856}.Release|x64.ActiveCfg = Release|Any CPU
		{7D6A9D5B-24F1-42E0-8FB4-3AFD01295856}.Release|x64.Build.0 = Release|Any CPU
		{7D6A9D5B-24F1-42E0-8FB4-3AFD01295856}.Release|x86.ActiveCfg = Release|Any CPU
		{7D6A9D5B-24F1-42E0-8FB4-3AFD01295856}.Release|x86.Build.0 = Release|Any CPU
		{7E8606D6-B93A-48C4-AD02-29C6DE07318D}.Debug|Any CPU.ActiveCfg = Debug|Any CPU
		{7E8606D6-B93A-48C4-AD02-29C6DE07318D}.Debug|Any CPU.Build.0 = Debug|Any CPU
		{7E8606D6-B93A-48C4-AD02-29C6DE07318D}.Debug|x64.ActiveCfg = Debug|Any CPU
		{7E8606D6-B93A-48C4-AD02-29C6DE07318D}.Debug|x64.Build.0 = Debug|Any CPU
		{7E8606D6-B93A-48C4-AD02-29C6DE07318D}.Debug|x86.ActiveCfg = Debug|Any CPU
		{7E8606D6-B93A-48C4-AD02-29C6DE07318D}.Debug|x86.Build.0 = Debug|Any CPU
		{7E8606D6-B93A-48C4-AD02-29C6DE07318D}.Release|Any CPU.ActiveCfg = Release|Any CPU
		{7E8606D6-B93A-48C4-AD02-29C6DE07318D}.Release|Any CPU.Build.0 = Release|Any CPU
		{7E8606D6-B93A-48C4-AD02-29C6DE07318D}.Release|x64.ActiveCfg = Release|Any CPU
		{7E8606D6-B93A-48C4-AD02-29C6DE07318D}.Release|x64.Build.0 = Release|Any CPU
		{7E8606D6-B93A-48C4-AD02-29C6DE07318D}.Release|x86.ActiveCfg = Release|Any CPU
		{7E8606D6-B93A-48C4-AD02-29C6DE07318D}.Release|x86.Build.0 = Release|Any CPU
		{C79D9E5F-CF01-4E3E-B2AB-AC0EC726761E}.Debug|Any CPU.ActiveCfg = Debug|Any CPU
		{C79D9E5F-CF01-4E3E-B2AB-AC0EC726761E}.Debug|Any CPU.Build.0 = Debug|Any CPU
		{C79D9E5F-CF01-4E3E-B2AB-AC0EC726761E}.Debug|x64.ActiveCfg = Debug|Any CPU
		{C79D9E5F-CF01-4E3E-B2AB-AC0EC726761E}.Debug|x64.Build.0 = Debug|Any CPU
		{C79D9E5F-CF01-4E3E-B2AB-AC0EC726761E}.Debug|x86.ActiveCfg = Debug|Any CPU
		{C79D9E5F-CF01-4E3E-B2AB-AC0EC726761E}.Debug|x86.Build.0 = Debug|Any CPU
		{C79D9E5F-CF01-4E3E-B2AB-AC0EC726761E}.Release|Any CPU.ActiveCfg = Release|Any CPU
		{C79D9E5F-CF01-4E3E-B2AB-AC0EC726761E}.Release|Any CPU.Build.0 = Release|Any CPU
		{C79D9E5F-CF01-4E3E-B2AB-AC0EC726761E}.Release|x64.ActiveCfg = Release|Any CPU
		{C79D9E5F-CF01-4E3E-B2AB-AC0EC726761E}.Release|x64.Build.0 = Release|Any CPU
		{C79D9E5F-CF01-4E3E-B2AB-AC0EC726761E}.Release|x86.ActiveCfg = Release|Any CPU
		{C79D9E5F-CF01-4E3E-B2AB-AC0EC726761E}.Release|x86.Build.0 = Release|Any CPU
		{F40C850B-1C4E-4D2B-9E19-A41E197B2D58}.Debug|Any CPU.ActiveCfg = Debug|Any CPU
		{F40C850B-1C4E-4D2B-9E19-A41E197B2D58}.Debug|Any CPU.Build.0 = Debug|Any CPU
		{F40C850B-1C4E-4D2B-9E19-A41E197B2D58}.Debug|x64.ActiveCfg = Debug|Any CPU
		{F40C850B-1C4E-4D2B-9E19-A41E197B2D58}.Debug|x64.Build.0 = Debug|Any CPU
		{F40C850B-1C4E-4D2B-9E19-A41E197B2D58}.Debug|x86.ActiveCfg = Debug|Any CPU
		{F40C850B-1C4E-4D2B-9E19-A41E197B2D58}.Debug|x86.Build.0 = Debug|Any CPU
		{F40C850B-1C4E-4D2B-9E19-A41E197B2D58}.Release|Any CPU.ActiveCfg = Release|Any CPU
		{F40C850B-1C4E-4D2B-9E19-A41E197B2D58}.Release|Any CPU.Build.0 = Release|Any CPU
		{F40C850B-1C4E-4D2B-9E19-A41E197B2D58}.Release|x64.ActiveCfg = Release|Any CPU
		{F40C850B-1C4E-4D2B-9E19-A41E197B2D58}.Release|x64.Build.0 = Release|Any CPU
		{F40C850B-1C4E-4D2B-9E19-A41E197B2D58}.Release|x86.ActiveCfg = Release|Any CPU
		{F40C850B-1C4E-4D2B-9E19-A41E197B2D58}.Release|x86.Build.0 = Release|Any CPU
		{9535AF5A-5275-41F6-820A-4109489AA715}.Debug|Any CPU.ActiveCfg = Debug|Any CPU
		{9535AF5A-5275-41F6-820A-4109489AA715}.Debug|Any CPU.Build.0 = Debug|Any CPU
		{9535AF5A-5275-41F6-820A-4109489AA715}.Debug|x64.ActiveCfg = Debug|Any CPU
		{9535AF5A-5275-41F6-820A-4109489AA715}.Debug|x64.Build.0 = Debug|Any CPU
		{9535AF5A-5275-41F6-820A-4109489AA715}.Debug|x86.ActiveCfg = Debug|Any CPU
		{9535AF5A-5275-41F6-820A-4109489AA715}.Debug|x86.Build.0 = Debug|Any CPU
		{9535AF5A-5275-41F6-820A-4109489AA715}.Release|Any CPU.ActiveCfg = Release|Any CPU
		{9535AF5A-5275-41F6-820A-4109489AA715}.Release|Any CPU.Build.0 = Release|Any CPU
		{9535AF5A-5275-41F6-820A-4109489AA715}.Release|x64.ActiveCfg = Release|Any CPU
		{9535AF5A-5275-41F6-820A-4109489AA715}.Release|x64.Build.0 = Release|Any CPU
		{9535AF5A-5275-41F6-820A-4109489AA715}.Release|x86.ActiveCfg = Release|Any CPU
		{9535AF5A-5275-41F6-820A-4109489AA715}.Release|x86.Build.0 = Release|Any CPU
		{AE7384DE-80DF-48C4-89C8-3D628D6A1C5D}.Debug|Any CPU.ActiveCfg = Debug|Any CPU
		{AE7384DE-80DF-48C4-89C8-3D628D6A1C5D}.Debug|Any CPU.Build.0 = Debug|Any CPU
		{AE7384DE-80DF-48C4-89C8-3D628D6A1C5D}.Debug|x64.ActiveCfg = Debug|Any CPU
		{AE7384DE-80DF-48C4-89C8-3D628D6A1C5D}.Debug|x64.Build.0 = Debug|Any CPU
		{AE7384DE-80DF-48C4-89C8-3D628D6A1C5D}.Debug|x86.ActiveCfg = Debug|Any CPU
		{AE7384DE-80DF-48C4-89C8-3D628D6A1C5D}.Debug|x86.Build.0 = Debug|Any CPU
		{AE7384DE-80DF-48C4-89C8-3D628D6A1C5D}.Release|Any CPU.ActiveCfg = Release|Any CPU
		{AE7384DE-80DF-48C4-89C8-3D628D6A1C5D}.Release|Any CPU.Build.0 = Release|Any CPU
		{AE7384DE-80DF-48C4-89C8-3D628D6A1C5D}.Release|x64.ActiveCfg = Release|Any CPU
		{AE7384DE-80DF-48C4-89C8-3D628D6A1C5D}.Release|x64.Build.0 = Release|Any CPU
		{AE7384DE-80DF-48C4-89C8-3D628D6A1C5D}.Release|x86.ActiveCfg = Release|Any CPU
		{AE7384DE-80DF-48C4-89C8-3D628D6A1C5D}.Release|x86.Build.0 = Release|Any CPU
		{324A8054-8D14-426C-B653-A947FFBC8C91}.Debug|Any CPU.ActiveCfg = Debug|Any CPU
		{324A8054-8D14-426C-B653-A947FFBC8C91}.Debug|Any CPU.Build.0 = Debug|Any CPU
		{324A8054-8D14-426C-B653-A947FFBC8C91}.Debug|x64.ActiveCfg = Debug|Any CPU
		{324A8054-8D14-426C-B653-A947FFBC8C91}.Debug|x64.Build.0 = Debug|Any CPU
		{324A8054-8D14-426C-B653-A947FFBC8C91}.Debug|x86.ActiveCfg = Debug|Any CPU
		{324A8054-8D14-426C-B653-A947FFBC8C91}.Debug|x86.Build.0 = Debug|Any CPU
		{324A8054-8D14-426C-B653-A947FFBC8C91}.Release|Any CPU.ActiveCfg = Release|Any CPU
		{324A8054-8D14-426C-B653-A947FFBC8C91}.Release|Any CPU.Build.0 = Release|Any CPU
		{324A8054-8D14-426C-B653-A947FFBC8C91}.Release|x64.ActiveCfg = Release|Any CPU
		{324A8054-8D14-426C-B653-A947FFBC8C91}.Release|x64.Build.0 = Release|Any CPU
		{324A8054-8D14-426C-B653-A947FFBC8C91}.Release|x86.ActiveCfg = Release|Any CPU
		{324A8054-8D14-426C-B653-A947FFBC8C91}.Release|x86.Build.0 = Release|Any CPU
		{7D7CB30B-8E52-40B1-8BA2-7FB5A29E242A}.Debug|Any CPU.ActiveCfg = Debug|Any CPU
		{7D7CB30B-8E52-40B1-8BA2-7FB5A29E242A}.Debug|Any CPU.Build.0 = Debug|Any CPU
		{7D7CB30B-8E52-40B1-8BA2-7FB5A29E242A}.Debug|x64.ActiveCfg = Debug|Any CPU
		{7D7CB30B-8E52-40B1-8BA2-7FB5A29E242A}.Debug|x64.Build.0 = Debug|Any CPU
		{7D7CB30B-8E52-40B1-8BA2-7FB5A29E242A}.Debug|x86.ActiveCfg = Debug|Any CPU
		{7D7CB30B-8E52-40B1-8BA2-7FB5A29E242A}.Debug|x86.Build.0 = Debug|Any CPU
		{7D7CB30B-8E52-40B1-8BA2-7FB5A29E242A}.Release|Any CPU.ActiveCfg = Release|Any CPU
		{7D7CB30B-8E52-40B1-8BA2-7FB5A29E242A}.Release|Any CPU.Build.0 = Release|Any CPU
		{7D7CB30B-8E52-40B1-8BA2-7FB5A29E242A}.Release|x64.ActiveCfg = Release|Any CPU
		{7D7CB30B-8E52-40B1-8BA2-7FB5A29E242A}.Release|x64.Build.0 = Release|Any CPU
		{7D7CB30B-8E52-40B1-8BA2-7FB5A29E242A}.Release|x86.ActiveCfg = Release|Any CPU
		{7D7CB30B-8E52-40B1-8BA2-7FB5A29E242A}.Release|x86.Build.0 = Release|Any CPU
		{D1691678-EC78-4B0B-AEE3-A048850C04D4}.Debug|Any CPU.ActiveCfg = Debug|Any CPU
		{D1691678-EC78-4B0B-AEE3-A048850C04D4}.Debug|Any CPU.Build.0 = Debug|Any CPU
		{D1691678-EC78-4B0B-AEE3-A048850C04D4}.Debug|x64.ActiveCfg = Debug|Any CPU
		{D1691678-EC78-4B0B-AEE3-A048850C04D4}.Debug|x64.Build.0 = Debug|Any CPU
		{D1691678-EC78-4B0B-AEE3-A048850C04D4}.Debug|x86.ActiveCfg = Debug|Any CPU
		{D1691678-EC78-4B0B-AEE3-A048850C04D4}.Debug|x86.Build.0 = Debug|Any CPU
		{D1691678-EC78-4B0B-AEE3-A048850C04D4}.Release|Any CPU.ActiveCfg = Release|Any CPU
		{D1691678-EC78-4B0B-AEE3-A048850C04D4}.Release|Any CPU.Build.0 = Release|Any CPU
		{D1691678-EC78-4B0B-AEE3-A048850C04D4}.Release|x64.ActiveCfg = Release|Any CPU
		{D1691678-EC78-4B0B-AEE3-A048850C04D4}.Release|x64.Build.0 = Release|Any CPU
		{D1691678-EC78-4B0B-AEE3-A048850C04D4}.Release|x86.ActiveCfg = Release|Any CPU
		{D1691678-EC78-4B0B-AEE3-A048850C04D4}.Release|x86.Build.0 = Release|Any CPU
		{95D1CCDC-C76A-4519-9A57-D3AC1FE51D4D}.Debug|Any CPU.ActiveCfg = Debug|Any CPU
		{95D1CCDC-C76A-4519-9A57-D3AC1FE51D4D}.Debug|Any CPU.Build.0 = Debug|Any CPU
		{95D1CCDC-C76A-4519-9A57-D3AC1FE51D4D}.Debug|x64.ActiveCfg = Debug|Any CPU
		{95D1CCDC-C76A-4519-9A57-D3AC1FE51D4D}.Debug|x64.Build.0 = Debug|Any CPU
		{95D1CCDC-C76A-4519-9A57-D3AC1FE51D4D}.Debug|x86.ActiveCfg = Debug|Any CPU
		{95D1CCDC-C76A-4519-9A57-D3AC1FE51D4D}.Debug|x86.Build.0 = Debug|Any CPU
		{95D1CCDC-C76A-4519-9A57-D3AC1FE51D4D}.Release|Any CPU.ActiveCfg = Release|Any CPU
		{95D1CCDC-C76A-4519-9A57-D3AC1FE51D4D}.Release|Any CPU.Build.0 = Release|Any CPU
		{95D1CCDC-C76A-4519-9A57-D3AC1FE51D4D}.Release|x64.ActiveCfg = Release|Any CPU
		{95D1CCDC-C76A-4519-9A57-D3AC1FE51D4D}.Release|x64.Build.0 = Release|Any CPU
		{95D1CCDC-C76A-4519-9A57-D3AC1FE51D4D}.Release|x86.ActiveCfg = Release|Any CPU
		{95D1CCDC-C76A-4519-9A57-D3AC1FE51D4D}.Release|x86.Build.0 = Release|Any CPU
		{06CE410A-B8DD-49A9-8342-FBD514D1C0DD}.Debug|Any CPU.ActiveCfg = Debug|Any CPU
		{06CE410A-B8DD-49A9-8342-FBD514D1C0DD}.Debug|Any CPU.Build.0 = Debug|Any CPU
		{06CE410A-B8DD-49A9-8342-FBD514D1C0DD}.Debug|x64.ActiveCfg = Debug|Any CPU
		{06CE410A-B8DD-49A9-8342-FBD514D1C0DD}.Debug|x64.Build.0 = Debug|Any CPU
		{06CE410A-B8DD-49A9-8342-FBD514D1C0DD}.Debug|x86.ActiveCfg = Debug|Any CPU
		{06CE410A-B8DD-49A9-8342-FBD514D1C0DD}.Debug|x86.Build.0 = Debug|Any CPU
		{06CE410A-B8DD-49A9-8342-FBD514D1C0DD}.Release|Any CPU.ActiveCfg = Release|Any CPU
		{06CE410A-B8DD-49A9-8342-FBD514D1C0DD}.Release|Any CPU.Build.0 = Release|Any CPU
		{06CE410A-B8DD-49A9-8342-FBD514D1C0DD}.Release|x64.ActiveCfg = Release|Any CPU
		{06CE410A-B8DD-49A9-8342-FBD514D1C0DD}.Release|x64.Build.0 = Release|Any CPU
		{06CE410A-B8DD-49A9-8342-FBD514D1C0DD}.Release|x86.ActiveCfg = Release|Any CPU
		{06CE410A-B8DD-49A9-8342-FBD514D1C0DD}.Release|x86.Build.0 = Release|Any CPU
		{9AFA6BBC-6076-4C41-8295-2857DAB0A468}.Debug|Any CPU.ActiveCfg = Debug|Any CPU
		{9AFA6BBC-6076-4C41-8295-2857DAB0A468}.Debug|Any CPU.Build.0 = Debug|Any CPU
		{9AFA6BBC-6076-4C41-8295-2857DAB0A468}.Debug|x64.ActiveCfg = Debug|Any CPU
		{9AFA6BBC-6076-4C41-8295-2857DAB0A468}.Debug|x64.Build.0 = Debug|Any CPU
		{9AFA6BBC-6076-4C41-8295-2857DAB0A468}.Debug|x86.ActiveCfg = Debug|Any CPU
		{9AFA6BBC-6076-4C41-8295-2857DAB0A468}.Debug|x86.Build.0 = Debug|Any CPU
		{9AFA6BBC-6076-4C41-8295-2857DAB0A468}.Release|Any CPU.ActiveCfg = Release|Any CPU
		{9AFA6BBC-6076-4C41-8295-2857DAB0A468}.Release|Any CPU.Build.0 = Release|Any CPU
		{9AFA6BBC-6076-4C41-8295-2857DAB0A468}.Release|x64.ActiveCfg = Release|Any CPU
		{9AFA6BBC-6076-4C41-8295-2857DAB0A468}.Release|x64.Build.0 = Release|Any CPU
		{9AFA6BBC-6076-4C41-8295-2857DAB0A468}.Release|x86.ActiveCfg = Release|Any CPU
		{9AFA6BBC-6076-4C41-8295-2857DAB0A468}.Release|x86.Build.0 = Release|Any CPU
		{60CA0F70-A03D-4294-B73B-45531A1F4862}.Debug|Any CPU.ActiveCfg = Debug|Any CPU
		{60CA0F70-A03D-4294-B73B-45531A1F4862}.Debug|Any CPU.Build.0 = Debug|Any CPU
		{60CA0F70-A03D-4294-B73B-45531A1F4862}.Debug|x64.ActiveCfg = Debug|Any CPU
		{60CA0F70-A03D-4294-B73B-45531A1F4862}.Debug|x64.Build.0 = Debug|Any CPU
		{60CA0F70-A03D-4294-B73B-45531A1F4862}.Debug|x86.ActiveCfg = Debug|Any CPU
		{60CA0F70-A03D-4294-B73B-45531A1F4862}.Debug|x86.Build.0 = Debug|Any CPU
		{60CA0F70-A03D-4294-B73B-45531A1F4862}.Release|Any CPU.ActiveCfg = Release|Any CPU
		{60CA0F70-A03D-4294-B73B-45531A1F4862}.Release|Any CPU.Build.0 = Release|Any CPU
		{60CA0F70-A03D-4294-B73B-45531A1F4862}.Release|x64.ActiveCfg = Release|Any CPU
		{60CA0F70-A03D-4294-B73B-45531A1F4862}.Release|x64.Build.0 = Release|Any CPU
		{60CA0F70-A03D-4294-B73B-45531A1F4862}.Release|x86.ActiveCfg = Release|Any CPU
		{60CA0F70-A03D-4294-B73B-45531A1F4862}.Release|x86.Build.0 = Release|Any CPU
		{3CFBE7D8-85E2-40DC-A893-CFE2C1DA2E5C}.Debug|Any CPU.ActiveCfg = Debug|Any CPU
		{3CFBE7D8-85E2-40DC-A893-CFE2C1DA2E5C}.Debug|Any CPU.Build.0 = Debug|Any CPU
		{3CFBE7D8-85E2-40DC-A893-CFE2C1DA2E5C}.Debug|x64.ActiveCfg = Debug|Any CPU
		{3CFBE7D8-85E2-40DC-A893-CFE2C1DA2E5C}.Debug|x64.Build.0 = Debug|Any CPU
		{3CFBE7D8-85E2-40DC-A893-CFE2C1DA2E5C}.Debug|x86.ActiveCfg = Debug|Any CPU
		{3CFBE7D8-85E2-40DC-A893-CFE2C1DA2E5C}.Debug|x86.Build.0 = Debug|Any CPU
		{3CFBE7D8-85E2-40DC-A893-CFE2C1DA2E5C}.Release|Any CPU.ActiveCfg = Release|Any CPU
		{3CFBE7D8-85E2-40DC-A893-CFE2C1DA2E5C}.Release|Any CPU.Build.0 = Release|Any CPU
		{3CFBE7D8-85E2-40DC-A893-CFE2C1DA2E5C}.Release|x64.ActiveCfg = Release|Any CPU
		{3CFBE7D8-85E2-40DC-A893-CFE2C1DA2E5C}.Release|x64.Build.0 = Release|Any CPU
		{3CFBE7D8-85E2-40DC-A893-CFE2C1DA2E5C}.Release|x86.ActiveCfg = Release|Any CPU
		{3CFBE7D8-85E2-40DC-A893-CFE2C1DA2E5C}.Release|x86.Build.0 = Release|Any CPU
		{A2C89E17-7E14-49B8-B1F1-9915B250BD64}.Debug|Any CPU.ActiveCfg = Debug|Any CPU
		{A2C89E17-7E14-49B8-B1F1-9915B250BD64}.Debug|Any CPU.Build.0 = Debug|Any CPU
		{A2C89E17-7E14-49B8-B1F1-9915B250BD64}.Debug|x64.ActiveCfg = Debug|Any CPU
		{A2C89E17-7E14-49B8-B1F1-9915B250BD64}.Debug|x64.Build.0 = Debug|Any CPU
		{A2C89E17-7E14-49B8-B1F1-9915B250BD64}.Debug|x86.ActiveCfg = Debug|Any CPU
		{A2C89E17-7E14-49B8-B1F1-9915B250BD64}.Debug|x86.Build.0 = Debug|Any CPU
		{A2C89E17-7E14-49B8-B1F1-9915B250BD64}.Release|Any CPU.ActiveCfg = Release|Any CPU
		{A2C89E17-7E14-49B8-B1F1-9915B250BD64}.Release|Any CPU.Build.0 = Release|Any CPU
		{A2C89E17-7E14-49B8-B1F1-9915B250BD64}.Release|x64.ActiveCfg = Release|Any CPU
		{A2C89E17-7E14-49B8-B1F1-9915B250BD64}.Release|x64.Build.0 = Release|Any CPU
		{A2C89E17-7E14-49B8-B1F1-9915B250BD64}.Release|x86.ActiveCfg = Release|Any CPU
		{A2C89E17-7E14-49B8-B1F1-9915B250BD64}.Release|x86.Build.0 = Release|Any CPU
		{E566DF4D-C64A-4788-93A4-3321800723D4}.Debug|Any CPU.ActiveCfg = Debug|Any CPU
		{E566DF4D-C64A-4788-93A4-3321800723D4}.Debug|Any CPU.Build.0 = Debug|Any CPU
		{E566DF4D-C64A-4788-93A4-3321800723D4}.Debug|x64.ActiveCfg = Debug|Any CPU
		{E566DF4D-C64A-4788-93A4-3321800723D4}.Debug|x64.Build.0 = Debug|Any CPU
		{E566DF4D-C64A-4788-93A4-3321800723D4}.Debug|x86.ActiveCfg = Debug|Any CPU
		{E566DF4D-C64A-4788-93A4-3321800723D4}.Debug|x86.Build.0 = Debug|Any CPU
		{E566DF4D-C64A-4788-93A4-3321800723D4}.Release|Any CPU.ActiveCfg = Release|Any CPU
		{E566DF4D-C64A-4788-93A4-3321800723D4}.Release|Any CPU.Build.0 = Release|Any CPU
		{E566DF4D-C64A-4788-93A4-3321800723D4}.Release|x64.ActiveCfg = Release|Any CPU
		{E566DF4D-C64A-4788-93A4-3321800723D4}.Release|x64.Build.0 = Release|Any CPU
		{E566DF4D-C64A-4788-93A4-3321800723D4}.Release|x86.ActiveCfg = Release|Any CPU
		{E566DF4D-C64A-4788-93A4-3321800723D4}.Release|x86.Build.0 = Release|Any CPU
		{BF00FB85-9B9A-45C3-B315-2F5EF88767AD}.Debug|Any CPU.ActiveCfg = Debug|Any CPU
		{BF00FB85-9B9A-45C3-B315-2F5EF88767AD}.Debug|Any CPU.Build.0 = Debug|Any CPU
		{BF00FB85-9B9A-45C3-B315-2F5EF88767AD}.Debug|x64.ActiveCfg = Debug|Any CPU
		{BF00FB85-9B9A-45C3-B315-2F5EF88767AD}.Debug|x64.Build.0 = Debug|Any CPU
		{BF00FB85-9B9A-45C3-B315-2F5EF88767AD}.Debug|x86.ActiveCfg = Debug|Any CPU
		{BF00FB85-9B9A-45C3-B315-2F5EF88767AD}.Debug|x86.Build.0 = Debug|Any CPU
		{BF00FB85-9B9A-45C3-B315-2F5EF88767AD}.Release|Any CPU.ActiveCfg = Release|Any CPU
		{BF00FB85-9B9A-45C3-B315-2F5EF88767AD}.Release|Any CPU.Build.0 = Release|Any CPU
		{BF00FB85-9B9A-45C3-B315-2F5EF88767AD}.Release|x64.ActiveCfg = Release|Any CPU
		{BF00FB85-9B9A-45C3-B315-2F5EF88767AD}.Release|x64.Build.0 = Release|Any CPU
		{BF00FB85-9B9A-45C3-B315-2F5EF88767AD}.Release|x86.ActiveCfg = Release|Any CPU
		{BF00FB85-9B9A-45C3-B315-2F5EF88767AD}.Release|x86.Build.0 = Release|Any CPU
		{9DC72491-C69E-4E0A-A799-C6F99779D2AB}.Debug|Any CPU.ActiveCfg = Debug|Any CPU
		{9DC72491-C69E-4E0A-A799-C6F99779D2AB}.Debug|Any CPU.Build.0 = Debug|Any CPU
		{9DC72491-C69E-4E0A-A799-C6F99779D2AB}.Debug|x64.ActiveCfg = Debug|Any CPU
		{9DC72491-C69E-4E0A-A799-C6F99779D2AB}.Debug|x64.Build.0 = Debug|Any CPU
		{9DC72491-C69E-4E0A-A799-C6F99779D2AB}.Debug|x86.ActiveCfg = Debug|Any CPU
		{9DC72491-C69E-4E0A-A799-C6F99779D2AB}.Debug|x86.Build.0 = Debug|Any CPU
		{9DC72491-C69E-4E0A-A799-C6F99779D2AB}.Release|Any CPU.ActiveCfg = Release|Any CPU
		{9DC72491-C69E-4E0A-A799-C6F99779D2AB}.Release|Any CPU.Build.0 = Release|Any CPU
		{9DC72491-C69E-4E0A-A799-C6F99779D2AB}.Release|x64.ActiveCfg = Release|Any CPU
		{9DC72491-C69E-4E0A-A799-C6F99779D2AB}.Release|x64.Build.0 = Release|Any CPU
		{9DC72491-C69E-4E0A-A799-C6F99779D2AB}.Release|x86.ActiveCfg = Release|Any CPU
		{9DC72491-C69E-4E0A-A799-C6F99779D2AB}.Release|x86.Build.0 = Release|Any CPU
		{95192A01-BBE8-46C8-8B37-72E5FD9E0B45}.Debug|Any CPU.ActiveCfg = Debug|Any CPU
		{95192A01-BBE8-46C8-8B37-72E5FD9E0B45}.Debug|Any CPU.Build.0 = Debug|Any CPU
		{95192A01-BBE8-46C8-8B37-72E5FD9E0B45}.Debug|x64.ActiveCfg = Debug|Any CPU
		{95192A01-BBE8-46C8-8B37-72E5FD9E0B45}.Debug|x64.Build.0 = Debug|Any CPU
		{95192A01-BBE8-46C8-8B37-72E5FD9E0B45}.Debug|x86.ActiveCfg = Debug|Any CPU
		{95192A01-BBE8-46C8-8B37-72E5FD9E0B45}.Debug|x86.Build.0 = Debug|Any CPU
		{95192A01-BBE8-46C8-8B37-72E5FD9E0B45}.Release|Any CPU.ActiveCfg = Release|Any CPU
		{95192A01-BBE8-46C8-8B37-72E5FD9E0B45}.Release|Any CPU.Build.0 = Release|Any CPU
		{95192A01-BBE8-46C8-8B37-72E5FD9E0B45}.Release|x64.ActiveCfg = Release|Any CPU
		{95192A01-BBE8-46C8-8B37-72E5FD9E0B45}.Release|x64.Build.0 = Release|Any CPU
		{95192A01-BBE8-46C8-8B37-72E5FD9E0B45}.Release|x86.ActiveCfg = Release|Any CPU
		{95192A01-BBE8-46C8-8B37-72E5FD9E0B45}.Release|x86.Build.0 = Release|Any CPU
		{67FB5080-D5B9-49F4-93EE-6320756AC304}.Debug|Any CPU.ActiveCfg = Debug|Any CPU
		{67FB5080-D5B9-49F4-93EE-6320756AC304}.Debug|Any CPU.Build.0 = Debug|Any CPU
		{67FB5080-D5B9-49F4-93EE-6320756AC304}.Debug|x64.ActiveCfg = Debug|Any CPU
		{67FB5080-D5B9-49F4-93EE-6320756AC304}.Debug|x64.Build.0 = Debug|Any CPU
		{67FB5080-D5B9-49F4-93EE-6320756AC304}.Debug|x86.ActiveCfg = Debug|Any CPU
		{67FB5080-D5B9-49F4-93EE-6320756AC304}.Debug|x86.Build.0 = Debug|Any CPU
		{67FB5080-D5B9-49F4-93EE-6320756AC304}.Release|Any CPU.ActiveCfg = Release|Any CPU
		{67FB5080-D5B9-49F4-93EE-6320756AC304}.Release|Any CPU.Build.0 = Release|Any CPU
		{67FB5080-D5B9-49F4-93EE-6320756AC304}.Release|x64.ActiveCfg = Release|Any CPU
		{67FB5080-D5B9-49F4-93EE-6320756AC304}.Release|x64.Build.0 = Release|Any CPU
		{67FB5080-D5B9-49F4-93EE-6320756AC304}.Release|x86.ActiveCfg = Release|Any CPU
		{67FB5080-D5B9-49F4-93EE-6320756AC304}.Release|x86.Build.0 = Release|Any CPU
		{54BC4E59-C69C-4794-94F9-8AF8BA8E20D5}.Debug|Any CPU.ActiveCfg = Debug|Any CPU
		{54BC4E59-C69C-4794-94F9-8AF8BA8E20D5}.Debug|Any CPU.Build.0 = Debug|Any CPU
		{54BC4E59-C69C-4794-94F9-8AF8BA8E20D5}.Debug|x64.ActiveCfg = Debug|Any CPU
		{54BC4E59-C69C-4794-94F9-8AF8BA8E20D5}.Debug|x64.Build.0 = Debug|Any CPU
		{54BC4E59-C69C-4794-94F9-8AF8BA8E20D5}.Debug|x86.ActiveCfg = Debug|Any CPU
		{54BC4E59-C69C-4794-94F9-8AF8BA8E20D5}.Debug|x86.Build.0 = Debug|Any CPU
		{54BC4E59-C69C-4794-94F9-8AF8BA8E20D5}.Release|Any CPU.ActiveCfg = Release|Any CPU
		{54BC4E59-C69C-4794-94F9-8AF8BA8E20D5}.Release|Any CPU.Build.0 = Release|Any CPU
		{54BC4E59-C69C-4794-94F9-8AF8BA8E20D5}.Release|x64.ActiveCfg = Release|Any CPU
		{54BC4E59-C69C-4794-94F9-8AF8BA8E20D5}.Release|x64.Build.0 = Release|Any CPU
		{54BC4E59-C69C-4794-94F9-8AF8BA8E20D5}.Release|x86.ActiveCfg = Release|Any CPU
		{54BC4E59-C69C-4794-94F9-8AF8BA8E20D5}.Release|x86.Build.0 = Release|Any CPU
		{B793CB8A-5F02-4D48-9F24-D8234BE3A52D}.Debug|Any CPU.ActiveCfg = Debug|Any CPU
		{B793CB8A-5F02-4D48-9F24-D8234BE3A52D}.Debug|Any CPU.Build.0 = Debug|Any CPU
		{B793CB8A-5F02-4D48-9F24-D8234BE3A52D}.Debug|x64.ActiveCfg = Debug|Any CPU
		{B793CB8A-5F02-4D48-9F24-D8234BE3A52D}.Debug|x64.Build.0 = Debug|Any CPU
		{B793CB8A-5F02-4D48-9F24-D8234BE3A52D}.Debug|x86.ActiveCfg = Debug|Any CPU
		{B793CB8A-5F02-4D48-9F24-D8234BE3A52D}.Debug|x86.Build.0 = Debug|Any CPU
		{B793CB8A-5F02-4D48-9F24-D8234BE3A52D}.Release|Any CPU.ActiveCfg = Release|Any CPU
		{B793CB8A-5F02-4D48-9F24-D8234BE3A52D}.Release|Any CPU.Build.0 = Release|Any CPU
		{B793CB8A-5F02-4D48-9F24-D8234BE3A52D}.Release|x64.ActiveCfg = Release|Any CPU
		{B793CB8A-5F02-4D48-9F24-D8234BE3A52D}.Release|x64.Build.0 = Release|Any CPU
		{B793CB8A-5F02-4D48-9F24-D8234BE3A52D}.Release|x86.ActiveCfg = Release|Any CPU
		{B793CB8A-5F02-4D48-9F24-D8234BE3A52D}.Release|x86.Build.0 = Release|Any CPU
		{E4E07123-763C-4439-A58C-FEEBC194E593}.Debug|Any CPU.ActiveCfg = Debug|Any CPU
		{E4E07123-763C-4439-A58C-FEEBC194E593}.Debug|Any CPU.Build.0 = Debug|Any CPU
		{E4E07123-763C-4439-A58C-FEEBC194E593}.Debug|x64.ActiveCfg = Debug|Any CPU
		{E4E07123-763C-4439-A58C-FEEBC194E593}.Debug|x64.Build.0 = Debug|Any CPU
		{E4E07123-763C-4439-A58C-FEEBC194E593}.Debug|x86.ActiveCfg = Debug|Any CPU
		{E4E07123-763C-4439-A58C-FEEBC194E593}.Debug|x86.Build.0 = Debug|Any CPU
		{E4E07123-763C-4439-A58C-FEEBC194E593}.Release|Any CPU.ActiveCfg = Release|Any CPU
		{E4E07123-763C-4439-A58C-FEEBC194E593}.Release|Any CPU.Build.0 = Release|Any CPU
		{E4E07123-763C-4439-A58C-FEEBC194E593}.Release|x64.ActiveCfg = Release|Any CPU
		{E4E07123-763C-4439-A58C-FEEBC194E593}.Release|x64.Build.0 = Release|Any CPU
		{E4E07123-763C-4439-A58C-FEEBC194E593}.Release|x86.ActiveCfg = Release|Any CPU
		{E4E07123-763C-4439-A58C-FEEBC194E593}.Release|x86.Build.0 = Release|Any CPU
		{9F31D86A-B3D0-4C4F-9F04-A0D58E7952C1}.Debug|Any CPU.ActiveCfg = Debug|Any CPU
		{9F31D86A-B3D0-4C4F-9F04-A0D58E7952C1}.Debug|Any CPU.Build.0 = Debug|Any CPU
		{9F31D86A-B3D0-4C4F-9F04-A0D58E7952C1}.Debug|x64.ActiveCfg = Debug|Any CPU
		{9F31D86A-B3D0-4C4F-9F04-A0D58E7952C1}.Debug|x64.Build.0 = Debug|Any CPU
		{9F31D86A-B3D0-4C4F-9F04-A0D58E7952C1}.Debug|x86.ActiveCfg = Debug|Any CPU
		{9F31D86A-B3D0-4C4F-9F04-A0D58E7952C1}.Debug|x86.Build.0 = Debug|Any CPU
		{9F31D86A-B3D0-4C4F-9F04-A0D58E7952C1}.Release|Any CPU.ActiveCfg = Release|Any CPU
		{9F31D86A-B3D0-4C4F-9F04-A0D58E7952C1}.Release|Any CPU.Build.0 = Release|Any CPU
		{9F31D86A-B3D0-4C4F-9F04-A0D58E7952C1}.Release|x64.ActiveCfg = Release|Any CPU
		{9F31D86A-B3D0-4C4F-9F04-A0D58E7952C1}.Release|x64.Build.0 = Release|Any CPU
		{9F31D86A-B3D0-4C4F-9F04-A0D58E7952C1}.Release|x86.ActiveCfg = Release|Any CPU
		{9F31D86A-B3D0-4C4F-9F04-A0D58E7952C1}.Release|x86.Build.0 = Release|Any CPU
		{A8B17829-2D79-4C11-94D5-6BC2E5EA2B88}.Debug|Any CPU.ActiveCfg = Debug|Any CPU
		{A8B17829-2D79-4C11-94D5-6BC2E5EA2B88}.Debug|Any CPU.Build.0 = Debug|Any CPU
		{A8B17829-2D79-4C11-94D5-6BC2E5EA2B88}.Debug|x64.ActiveCfg = Debug|Any CPU
		{A8B17829-2D79-4C11-94D5-6BC2E5EA2B88}.Debug|x64.Build.0 = Debug|Any CPU
		{A8B17829-2D79-4C11-94D5-6BC2E5EA2B88}.Debug|x86.ActiveCfg = Debug|Any CPU
		{A8B17829-2D79-4C11-94D5-6BC2E5EA2B88}.Debug|x86.Build.0 = Debug|Any CPU
		{A8B17829-2D79-4C11-94D5-6BC2E5EA2B88}.Release|Any CPU.ActiveCfg = Release|Any CPU
		{A8B17829-2D79-4C11-94D5-6BC2E5EA2B88}.Release|Any CPU.Build.0 = Release|Any CPU
		{A8B17829-2D79-4C11-94D5-6BC2E5EA2B88}.Release|x64.ActiveCfg = Release|Any CPU
		{A8B17829-2D79-4C11-94D5-6BC2E5EA2B88}.Release|x64.Build.0 = Release|Any CPU
		{A8B17829-2D79-4C11-94D5-6BC2E5EA2B88}.Release|x86.ActiveCfg = Release|Any CPU
		{A8B17829-2D79-4C11-94D5-6BC2E5EA2B88}.Release|x86.Build.0 = Release|Any CPU
		{8B53BEAD-15AB-41EE-8C64-B07803258039}.Debug|Any CPU.ActiveCfg = Debug|Any CPU
		{8B53BEAD-15AB-41EE-8C64-B07803258039}.Debug|Any CPU.Build.0 = Debug|Any CPU
		{8B53BEAD-15AB-41EE-8C64-B07803258039}.Debug|x64.ActiveCfg = Debug|Any CPU
		{8B53BEAD-15AB-41EE-8C64-B07803258039}.Debug|x64.Build.0 = Debug|Any CPU
		{8B53BEAD-15AB-41EE-8C64-B07803258039}.Debug|x86.ActiveCfg = Debug|Any CPU
		{8B53BEAD-15AB-41EE-8C64-B07803258039}.Debug|x86.Build.0 = Debug|Any CPU
		{8B53BEAD-15AB-41EE-8C64-B07803258039}.Release|Any CPU.ActiveCfg = Release|Any CPU
		{8B53BEAD-15AB-41EE-8C64-B07803258039}.Release|Any CPU.Build.0 = Release|Any CPU
		{8B53BEAD-15AB-41EE-8C64-B07803258039}.Release|x64.ActiveCfg = Release|Any CPU
		{8B53BEAD-15AB-41EE-8C64-B07803258039}.Release|x64.Build.0 = Release|Any CPU
		{8B53BEAD-15AB-41EE-8C64-B07803258039}.Release|x86.ActiveCfg = Release|Any CPU
		{8B53BEAD-15AB-41EE-8C64-B07803258039}.Release|x86.Build.0 = Release|Any CPU
		{A1111111-11A1-41A1-81A1-111111111111}.Debug|Any CPU.ActiveCfg = Debug|Any CPU
		{A1111111-11A1-41A1-81A1-111111111111}.Debug|Any CPU.Build.0 = Debug|Any CPU
		{A1111111-11A1-41A1-81A1-111111111111}.Debug|x64.ActiveCfg = Debug|Any CPU
		{A1111111-11A1-41A1-81A1-111111111111}.Debug|x64.Build.0 = Debug|Any CPU
		{A1111111-11A1-41A1-81A1-111111111111}.Debug|x86.ActiveCfg = Debug|Any CPU
		{A1111111-11A1-41A1-81A1-111111111111}.Debug|x86.Build.0 = Debug|Any CPU
		{A1111111-11A1-41A1-81A1-111111111111}.Release|Any CPU.ActiveCfg = Release|Any CPU
		{A1111111-11A1-41A1-81A1-111111111111}.Release|Any CPU.Build.0 = Release|Any CPU
		{A1111111-11A1-41A1-81A1-111111111111}.Release|x64.ActiveCfg = Release|Any CPU
		{A1111111-11A1-41A1-81A1-111111111111}.Release|x64.Build.0 = Release|Any CPU
		{A1111111-11A1-41A1-81A1-111111111111}.Release|x86.ActiveCfg = Release|Any CPU
		{A1111111-11A1-41A1-81A1-111111111111}.Release|x86.Build.0 = Release|Any CPU
		{A2222222-22A2-42A2-82A2-222222222222}.Debug|Any CPU.ActiveCfg = Debug|Any CPU
		{A2222222-22A2-42A2-82A2-222222222222}.Debug|Any CPU.Build.0 = Debug|Any CPU
		{A2222222-22A2-42A2-82A2-222222222222}.Debug|x64.ActiveCfg = Debug|Any CPU
		{A2222222-22A2-42A2-82A2-222222222222}.Debug|x64.Build.0 = Debug|Any CPU
		{A2222222-22A2-42A2-82A2-222222222222}.Debug|x86.ActiveCfg = Debug|Any CPU
		{A2222222-22A2-42A2-82A2-222222222222}.Debug|x86.Build.0 = Debug|Any CPU
		{A2222222-22A2-42A2-82A2-222222222222}.Release|Any CPU.ActiveCfg = Release|Any CPU
		{A2222222-22A2-42A2-82A2-222222222222}.Release|Any CPU.Build.0 = Release|Any CPU
		{A2222222-22A2-42A2-82A2-222222222222}.Release|x64.ActiveCfg = Release|Any CPU
		{A2222222-22A2-42A2-82A2-222222222222}.Release|x64.Build.0 = Release|Any CPU
		{A2222222-22A2-42A2-82A2-222222222222}.Release|x86.ActiveCfg = Release|Any CPU
		{A2222222-22A2-42A2-82A2-222222222222}.Release|x86.Build.0 = Release|Any CPU
		{A3333333-33A3-43A3-83A3-333333333333}.Debug|Any CPU.ActiveCfg = Debug|Any CPU
		{A3333333-33A3-43A3-83A3-333333333333}.Debug|Any CPU.Build.0 = Debug|Any CPU
		{A3333333-33A3-43A3-83A3-333333333333}.Debug|x64.ActiveCfg = Debug|Any CPU
		{A3333333-33A3-43A3-83A3-333333333333}.Debug|x64.Build.0 = Debug|Any CPU
		{A3333333-33A3-43A3-83A3-333333333333}.Debug|x86.ActiveCfg = Debug|Any CPU
		{A3333333-33A3-43A3-83A3-333333333333}.Debug|x86.Build.0 = Debug|Any CPU
		{A3333333-33A3-43A3-83A3-333333333333}.Release|Any CPU.ActiveCfg = Release|Any CPU
		{A3333333-33A3-43A3-83A3-333333333333}.Release|Any CPU.Build.0 = Release|Any CPU
		{A3333333-33A3-43A3-83A3-333333333333}.Release|x64.ActiveCfg = Release|Any CPU
		{A3333333-33A3-43A3-83A3-333333333333}.Release|x64.Build.0 = Release|Any CPU
		{A3333333-33A3-43A3-83A3-333333333333}.Release|x86.ActiveCfg = Release|Any CPU
		{A3333333-33A3-43A3-83A3-333333333333}.Release|x86.Build.0 = Release|Any CPU
		{B1111111-11B1-41B1-81B1-111111111111}.Debug|Any CPU.ActiveCfg = Debug|Any CPU
		{B1111111-11B1-41B1-81B1-111111111111}.Debug|Any CPU.Build.0 = Debug|Any CPU
		{B1111111-11B1-41B1-81B1-111111111111}.Debug|x64.ActiveCfg = Debug|Any CPU
		{B1111111-11B1-41B1-81B1-111111111111}.Debug|x64.Build.0 = Debug|Any CPU
		{B1111111-11B1-41B1-81B1-111111111111}.Debug|x86.ActiveCfg = Debug|Any CPU
		{B1111111-11B1-41B1-81B1-111111111111}.Debug|x86.Build.0 = Debug|Any CPU
		{B1111111-11B1-41B1-81B1-111111111111}.Release|Any CPU.ActiveCfg = Release|Any CPU
		{B1111111-11B1-41B1-81B1-111111111111}.Release|Any CPU.Build.0 = Release|Any CPU
		{B1111111-11B1-41B1-81B1-111111111111}.Release|x64.ActiveCfg = Release|Any CPU
		{B1111111-11B1-41B1-81B1-111111111111}.Release|x64.Build.0 = Release|Any CPU
		{B1111111-11B1-41B1-81B1-111111111111}.Release|x86.ActiveCfg = Release|Any CPU
		{B1111111-11B1-41B1-81B1-111111111111}.Release|x86.Build.0 = Release|Any CPU
		{B2222222-22B2-42B2-82B2-222222222222}.Debug|Any CPU.ActiveCfg = Debug|Any CPU
		{B2222222-22B2-42B2-82B2-222222222222}.Debug|Any CPU.Build.0 = Debug|Any CPU
		{B2222222-22B2-42B2-82B2-222222222222}.Debug|x64.ActiveCfg = Debug|Any CPU
		{B2222222-22B2-42B2-82B2-222222222222}.Debug|x64.Build.0 = Debug|Any CPU
		{B2222222-22B2-42B2-82B2-222222222222}.Debug|x86.ActiveCfg = Debug|Any CPU
		{B2222222-22B2-42B2-82B2-222222222222}.Debug|x86.Build.0 = Debug|Any CPU
		{B2222222-22B2-42B2-82B2-222222222222}.Release|Any CPU.ActiveCfg = Release|Any CPU
		{B2222222-22B2-42B2-82B2-222222222222}.Release|Any CPU.Build.0 = Release|Any CPU
		{B2222222-22B2-42B2-82B2-222222222222}.Release|x64.ActiveCfg = Release|Any CPU
		{B2222222-22B2-42B2-82B2-222222222222}.Release|x64.Build.0 = Release|Any CPU
		{B2222222-22B2-42B2-82B2-222222222222}.Release|x86.ActiveCfg = Release|Any CPU
		{B2222222-22B2-42B2-82B2-222222222222}.Release|x86.Build.0 = Release|Any CPU
		{B3333333-33B3-43B3-83B3-333333333333}.Debug|Any CPU.ActiveCfg = Debug|Any CPU
		{B3333333-33B3-43B3-83B3-333333333333}.Debug|Any CPU.Build.0 = Debug|Any CPU
		{B3333333-33B3-43B3-83B3-333333333333}.Debug|x64.ActiveCfg = Debug|Any CPU
		{B3333333-33B3-43B3-83B3-333333333333}.Debug|x64.Build.0 = Debug|Any CPU
		{B3333333-33B3-43B3-83B3-333333333333}.Debug|x86.ActiveCfg = Debug|Any CPU
		{B3333333-33B3-43B3-83B3-333333333333}.Debug|x86.Build.0 = Debug|Any CPU
		{B3333333-33B3-43B3-83B3-333333333333}.Release|Any CPU.ActiveCfg = Release|Any CPU
		{B3333333-33B3-43B3-83B3-333333333333}.Release|Any CPU.Build.0 = Release|Any CPU
		{B3333333-33B3-43B3-83B3-333333333333}.Release|x64.ActiveCfg = Release|Any CPU
		{B3333333-33B3-43B3-83B3-333333333333}.Release|x64.Build.0 = Release|Any CPU
		{B3333333-33B3-43B3-83B3-333333333333}.Release|x86.ActiveCfg = Release|Any CPU
		{B3333333-33B3-43B3-83B3-333333333333}.Release|x86.Build.0 = Release|Any CPU
		{1D61F677-F286-4168-A645-927A9FBC3447}.Debug|Any CPU.ActiveCfg = Debug|Any CPU
		{1D61F677-F286-4168-A645-927A9FBC3447}.Debug|Any CPU.Build.0 = Debug|Any CPU
		{1D61F677-F286-4168-A645-927A9FBC3447}.Debug|x64.ActiveCfg = Debug|Any CPU
		{1D61F677-F286-4168-A645-927A9FBC3447}.Debug|x64.Build.0 = Debug|Any CPU
		{1D61F677-F286-4168-A645-927A9FBC3447}.Debug|x86.ActiveCfg = Debug|Any CPU
		{1D61F677-F286-4168-A645-927A9FBC3447}.Debug|x86.Build.0 = Debug|Any CPU
		{1D61F677-F286-4168-A645-927A9FBC3447}.Release|Any CPU.ActiveCfg = Release|Any CPU
		{1D61F677-F286-4168-A645-927A9FBC3447}.Release|Any CPU.Build.0 = Release|Any CPU
		{1D61F677-F286-4168-A645-927A9FBC3447}.Release|x64.ActiveCfg = Release|Any CPU
		{1D61F677-F286-4168-A645-927A9FBC3447}.Release|x64.Build.0 = Release|Any CPU
		{1D61F677-F286-4168-A645-927A9FBC3447}.Release|x86.ActiveCfg = Release|Any CPU
		{1D61F677-F286-4168-A645-927A9FBC3447}.Release|x86.Build.0 = Release|Any CPU
		{333C062B-CE73-4DDC-9E98-C99AA254239D}.Debug|Any CPU.ActiveCfg = Debug|Any CPU
		{333C062B-CE73-4DDC-9E98-C99AA254239D}.Debug|Any CPU.Build.0 = Debug|Any CPU
		{333C062B-CE73-4DDC-9E98-C99AA254239D}.Debug|x64.ActiveCfg = Debug|Any CPU
		{333C062B-CE73-4DDC-9E98-C99AA254239D}.Debug|x64.Build.0 = Debug|Any CPU
		{333C062B-CE73-4DDC-9E98-C99AA254239D}.Debug|x86.ActiveCfg = Debug|Any CPU
		{333C062B-CE73-4DDC-9E98-C99AA254239D}.Debug|x86.Build.0 = Debug|Any CPU
		{333C062B-CE73-4DDC-9E98-C99AA254239D}.Release|Any CPU.ActiveCfg = Release|Any CPU
		{333C062B-CE73-4DDC-9E98-C99AA254239D}.Release|Any CPU.Build.0 = Release|Any CPU
		{333C062B-CE73-4DDC-9E98-C99AA254239D}.Release|x64.ActiveCfg = Release|Any CPU
		{333C062B-CE73-4DDC-9E98-C99AA254239D}.Release|x64.Build.0 = Release|Any CPU
		{333C062B-CE73-4DDC-9E98-C99AA254239D}.Release|x86.ActiveCfg = Release|Any CPU
		{333C062B-CE73-4DDC-9E98-C99AA254239D}.Release|x86.Build.0 = Release|Any CPU
		{AB214CFD-07CF-4DA5-B0F6-C2C459207D18}.Debug|Any CPU.ActiveCfg = Debug|Any CPU
		{AB214CFD-07CF-4DA5-B0F6-C2C459207D18}.Debug|Any CPU.Build.0 = Debug|Any CPU
		{AB214CFD-07CF-4DA5-B0F6-C2C459207D18}.Debug|x64.ActiveCfg = Debug|Any CPU
		{AB214CFD-07CF-4DA5-B0F6-C2C459207D18}.Debug|x64.Build.0 = Debug|Any CPU
		{AB214CFD-07CF-4DA5-B0F6-C2C459207D18}.Debug|x86.ActiveCfg = Debug|Any CPU
		{AB214CFD-07CF-4DA5-B0F6-C2C459207D18}.Debug|x86.Build.0 = Debug|Any CPU
		{AB214CFD-07CF-4DA5-B0F6-C2C459207D18}.Release|Any CPU.ActiveCfg = Release|Any CPU
		{AB214CFD-07CF-4DA5-B0F6-C2C459207D18}.Release|Any CPU.Build.0 = Release|Any CPU
		{AB214CFD-07CF-4DA5-B0F6-C2C459207D18}.Release|x64.ActiveCfg = Release|Any CPU
		{AB214CFD-07CF-4DA5-B0F6-C2C459207D18}.Release|x64.Build.0 = Release|Any CPU
		{AB214CFD-07CF-4DA5-B0F6-C2C459207D18}.Release|x86.ActiveCfg = Release|Any CPU
		{AB214CFD-07CF-4DA5-B0F6-C2C459207D18}.Release|x86.Build.0 = Release|Any CPU
		{CEE47F70-CC98-47D8-82D0-D113F096EE38}.Debug|Any CPU.ActiveCfg = Debug|Any CPU
		{CEE47F70-CC98-47D8-82D0-D113F096EE38}.Debug|Any CPU.Build.0 = Debug|Any CPU
		{CEE47F70-CC98-47D8-82D0-D113F096EE38}.Debug|x64.ActiveCfg = Debug|Any CPU
		{CEE47F70-CC98-47D8-82D0-D113F096EE38}.Debug|x64.Build.0 = Debug|Any CPU
		{CEE47F70-CC98-47D8-82D0-D113F096EE38}.Debug|x86.ActiveCfg = Debug|Any CPU
		{CEE47F70-CC98-47D8-82D0-D113F096EE38}.Debug|x86.Build.0 = Debug|Any CPU
		{CEE47F70-CC98-47D8-82D0-D113F096EE38}.Release|Any CPU.ActiveCfg = Release|Any CPU
		{CEE47F70-CC98-47D8-82D0-D113F096EE38}.Release|Any CPU.Build.0 = Release|Any CPU
		{CEE47F70-CC98-47D8-82D0-D113F096EE38}.Release|x64.ActiveCfg = Release|Any CPU
		{CEE47F70-CC98-47D8-82D0-D113F096EE38}.Release|x64.Build.0 = Release|Any CPU
		{CEE47F70-CC98-47D8-82D0-D113F096EE38}.Release|x86.ActiveCfg = Release|Any CPU
		{CEE47F70-CC98-47D8-82D0-D113F096EE38}.Release|x86.Build.0 = Release|Any CPU
		{0D644E8C-67C5-43A6-A36C-903ECFB1B28B}.Debug|Any CPU.ActiveCfg = Debug|Any CPU
		{0D644E8C-67C5-43A6-A36C-903ECFB1B28B}.Debug|Any CPU.Build.0 = Debug|Any CPU
		{0D644E8C-67C5-43A6-A36C-903ECFB1B28B}.Debug|x64.ActiveCfg = Debug|Any CPU
		{0D644E8C-67C5-43A6-A36C-903ECFB1B28B}.Debug|x64.Build.0 = Debug|Any CPU
		{0D644E8C-67C5-43A6-A36C-903ECFB1B28B}.Debug|x86.ActiveCfg = Debug|Any CPU
		{0D644E8C-67C5-43A6-A36C-903ECFB1B28B}.Debug|x86.Build.0 = Debug|Any CPU
		{0D644E8C-67C5-43A6-A36C-903ECFB1B28B}.Release|Any CPU.ActiveCfg = Release|Any CPU
		{0D644E8C-67C5-43A6-A36C-903ECFB1B28B}.Release|Any CPU.Build.0 = Release|Any CPU
		{0D644E8C-67C5-43A6-A36C-903ECFB1B28B}.Release|x64.ActiveCfg = Release|Any CPU
		{0D644E8C-67C5-43A6-A36C-903ECFB1B28B}.Release|x64.Build.0 = Release|Any CPU
		{0D644E8C-67C5-43A6-A36C-903ECFB1B28B}.Release|x86.ActiveCfg = Release|Any CPU
		{0D644E8C-67C5-43A6-A36C-903ECFB1B28B}.Release|x86.Build.0 = Release|Any CPU
		{0BEBC690-0C78-455D-A16E-08B5D2C64804}.Debug|Any CPU.ActiveCfg = Debug|Any CPU
		{0BEBC690-0C78-455D-A16E-08B5D2C64804}.Debug|Any CPU.Build.0 = Debug|Any CPU
		{0BEBC690-0C78-455D-A16E-08B5D2C64804}.Debug|x64.ActiveCfg = Debug|Any CPU
		{0BEBC690-0C78-455D-A16E-08B5D2C64804}.Debug|x64.Build.0 = Debug|Any CPU
		{0BEBC690-0C78-455D-A16E-08B5D2C64804}.Debug|x86.ActiveCfg = Debug|Any CPU
		{0BEBC690-0C78-455D-A16E-08B5D2C64804}.Debug|x86.Build.0 = Debug|Any CPU
		{0BEBC690-0C78-455D-A16E-08B5D2C64804}.Release|Any CPU.ActiveCfg = Release|Any CPU
		{0BEBC690-0C78-455D-A16E-08B5D2C64804}.Release|Any CPU.Build.0 = Release|Any CPU
		{0BEBC690-0C78-455D-A16E-08B5D2C64804}.Release|x64.ActiveCfg = Release|Any CPU
		{0BEBC690-0C78-455D-A16E-08B5D2C64804}.Release|x64.Build.0 = Release|Any CPU
		{0BEBC690-0C78-455D-A16E-08B5D2C64804}.Release|x86.ActiveCfg = Release|Any CPU
		{0BEBC690-0C78-455D-A16E-08B5D2C64804}.Release|x86.Build.0 = Release|Any CPU
		{D1111111-11D1-41D1-81D1-111111111111}.Debug|Any CPU.ActiveCfg = Debug|Any CPU
		{D1111111-11D1-41D1-81D1-111111111111}.Debug|Any CPU.Build.0 = Debug|Any CPU
		{D1111111-11D1-41D1-81D1-111111111111}.Debug|x64.ActiveCfg = Debug|Any CPU
		{D1111111-11D1-41D1-81D1-111111111111}.Debug|x64.Build.0 = Debug|Any CPU
		{D1111111-11D1-41D1-81D1-111111111111}.Debug|x86.ActiveCfg = Debug|Any CPU
		{D1111111-11D1-41D1-81D1-111111111111}.Debug|x86.Build.0 = Debug|Any CPU
		{D1111111-11D1-41D1-81D1-111111111111}.Release|Any CPU.ActiveCfg = Release|Any CPU
		{D1111111-11D1-41D1-81D1-111111111111}.Release|Any CPU.Build.0 = Release|Any CPU
		{D1111111-11D1-41D1-81D1-111111111111}.Release|x64.ActiveCfg = Release|Any CPU
		{D1111111-11D1-41D1-81D1-111111111111}.Release|x64.Build.0 = Release|Any CPU
		{D1111111-11D1-41D1-81D1-111111111111}.Release|x86.ActiveCfg = Release|Any CPU
		{D1111111-11D1-41D1-81D1-111111111111}.Release|x86.Build.0 = Release|Any CPU
		{D2222222-22D2-42D2-82D2-222222222222}.Debug|Any CPU.ActiveCfg = Debug|Any CPU
		{D2222222-22D2-42D2-82D2-222222222222}.Debug|Any CPU.Build.0 = Debug|Any CPU
		{D2222222-22D2-42D2-82D2-222222222222}.Debug|x64.ActiveCfg = Debug|Any CPU
		{D2222222-22D2-42D2-82D2-222222222222}.Debug|x64.Build.0 = Debug|Any CPU
		{D2222222-22D2-42D2-82D2-222222222222}.Debug|x86.ActiveCfg = Debug|Any CPU
		{D2222222-22D2-42D2-82D2-222222222222}.Debug|x86.Build.0 = Debug|Any CPU
		{D2222222-22D2-42D2-82D2-222222222222}.Release|Any CPU.ActiveCfg = Release|Any CPU
		{D2222222-22D2-42D2-82D2-222222222222}.Release|Any CPU.Build.0 = Release|Any CPU
		{D2222222-22D2-42D2-82D2-222222222222}.Release|x64.ActiveCfg = Release|Any CPU
		{D2222222-22D2-42D2-82D2-222222222222}.Release|x64.Build.0 = Release|Any CPU
		{D2222222-22D2-42D2-82D2-222222222222}.Release|x86.ActiveCfg = Release|Any CPU
		{D2222222-22D2-42D2-82D2-222222222222}.Release|x86.Build.0 = Release|Any CPU
		{D3333333-33D3-43D3-83D3-333333333333}.Debug|Any CPU.ActiveCfg = Debug|Any CPU
		{D3333333-33D3-43D3-83D3-333333333333}.Debug|Any CPU.Build.0 = Debug|Any CPU
		{D3333333-33D3-43D3-83D3-333333333333}.Debug|x64.ActiveCfg = Debug|Any CPU
		{D3333333-33D3-43D3-83D3-333333333333}.Debug|x64.Build.0 = Debug|Any CPU
		{D3333333-33D3-43D3-83D3-333333333333}.Debug|x86.ActiveCfg = Debug|Any CPU
		{D3333333-33D3-43D3-83D3-333333333333}.Debug|x86.Build.0 = Debug|Any CPU
		{D3333333-33D3-43D3-83D3-333333333333}.Release|Any CPU.ActiveCfg = Release|Any CPU
		{D3333333-33D3-43D3-83D3-333333333333}.Release|Any CPU.Build.0 = Release|Any CPU
		{D3333333-33D3-43D3-83D3-333333333333}.Release|x64.ActiveCfg = Release|Any CPU
		{D3333333-33D3-43D3-83D3-333333333333}.Release|x64.Build.0 = Release|Any CPU
		{D3333333-33D3-43D3-83D3-333333333333}.Release|x86.ActiveCfg = Release|Any CPU
		{D3333333-33D3-43D3-83D3-333333333333}.Release|x86.Build.0 = Release|Any CPU
		{E1111111-11E1-41E1-81E1-111111111111}.Debug|Any CPU.ActiveCfg = Debug|Any CPU
		{E1111111-11E1-41E1-81E1-111111111111}.Debug|Any CPU.Build.0 = Debug|Any CPU
		{E1111111-11E1-41E1-81E1-111111111111}.Debug|x64.ActiveCfg = Debug|Any CPU
		{E1111111-11E1-41E1-81E1-111111111111}.Debug|x64.Build.0 = Debug|Any CPU
		{E1111111-11E1-41E1-81E1-111111111111}.Debug|x86.ActiveCfg = Debug|Any CPU
		{E1111111-11E1-41E1-81E1-111111111111}.Debug|x86.Build.0 = Debug|Any CPU
		{E1111111-11E1-41E1-81E1-111111111111}.Release|Any CPU.ActiveCfg = Release|Any CPU
		{E1111111-11E1-41E1-81E1-111111111111}.Release|Any CPU.Build.0 = Release|Any CPU
		{E1111111-11E1-41E1-81E1-111111111111}.Release|x64.ActiveCfg = Release|Any CPU
		{E1111111-11E1-41E1-81E1-111111111111}.Release|x64.Build.0 = Release|Any CPU
		{E1111111-11E1-41E1-81E1-111111111111}.Release|x86.ActiveCfg = Release|Any CPU
		{E1111111-11E1-41E1-81E1-111111111111}.Release|x86.Build.0 = Release|Any CPU
		{E2222222-22E2-42E2-82E2-222222222222}.Debug|Any CPU.ActiveCfg = Debug|Any CPU
		{E2222222-22E2-42E2-82E2-222222222222}.Debug|Any CPU.Build.0 = Debug|Any CPU
		{E2222222-22E2-42E2-82E2-222222222222}.Debug|x64.ActiveCfg = Debug|Any CPU
		{E2222222-22E2-42E2-82E2-222222222222}.Debug|x64.Build.0 = Debug|Any CPU
		{E2222222-22E2-42E2-82E2-222222222222}.Debug|x86.ActiveCfg = Debug|Any CPU
		{E2222222-22E2-42E2-82E2-222222222222}.Debug|x86.Build.0 = Debug|Any CPU
		{E2222222-22E2-42E2-82E2-222222222222}.Release|Any CPU.ActiveCfg = Release|Any CPU
		{E2222222-22E2-42E2-82E2-222222222222}.Release|Any CPU.Build.0 = Release|Any CPU
		{E2222222-22E2-42E2-82E2-222222222222}.Release|x64.ActiveCfg = Release|Any CPU
		{E2222222-22E2-42E2-82E2-222222222222}.Release|x64.Build.0 = Release|Any CPU
		{E2222222-22E2-42E2-82E2-222222222222}.Release|x86.ActiveCfg = Release|Any CPU
		{E2222222-22E2-42E2-82E2-222222222222}.Release|x86.Build.0 = Release|Any CPU
		{E3333333-33E3-43E3-83E3-333333333333}.Debug|Any CPU.ActiveCfg = Debug|Any CPU
		{E3333333-33E3-43E3-83E3-333333333333}.Debug|Any CPU.Build.0 = Debug|Any CPU
		{E3333333-33E3-43E3-83E3-333333333333}.Debug|x64.ActiveCfg = Debug|Any CPU
		{E3333333-33E3-43E3-83E3-333333333333}.Debug|x64.Build.0 = Debug|Any CPU
		{E3333333-33E3-43E3-83E3-333333333333}.Debug|x86.ActiveCfg = Debug|Any CPU
		{E3333333-33E3-43E3-83E3-333333333333}.Debug|x86.Build.0 = Debug|Any CPU
		{E3333333-33E3-43E3-83E3-333333333333}.Release|Any CPU.ActiveCfg = Release|Any CPU
		{E3333333-33E3-43E3-83E3-333333333333}.Release|Any CPU.Build.0 = Release|Any CPU
		{E3333333-33E3-43E3-83E3-333333333333}.Release|x64.ActiveCfg = Release|Any CPU
		{E3333333-33E3-43E3-83E3-333333333333}.Release|x64.Build.0 = Release|Any CPU
		{E3333333-33E3-43E3-83E3-333333333333}.Release|x86.ActiveCfg = Release|Any CPU
		{E3333333-33E3-43E3-83E3-333333333333}.Release|x86.Build.0 = Release|Any CPU
		{F1111111-11F1-41F1-81F1-111111111111}.Debug|Any CPU.ActiveCfg = Debug|Any CPU
		{F1111111-11F1-41F1-81F1-111111111111}.Debug|Any CPU.Build.0 = Debug|Any CPU
		{F1111111-11F1-41F1-81F1-111111111111}.Debug|x64.ActiveCfg = Debug|Any CPU
		{F1111111-11F1-41F1-81F1-111111111111}.Debug|x64.Build.0 = Debug|Any CPU
		{F1111111-11F1-41F1-81F1-111111111111}.Debug|x86.ActiveCfg = Debug|Any CPU
		{F1111111-11F1-41F1-81F1-111111111111}.Debug|x86.Build.0 = Debug|Any CPU
		{F1111111-11F1-41F1-81F1-111111111111}.Release|Any CPU.ActiveCfg = Release|Any CPU
		{F1111111-11F1-41F1-81F1-111111111111}.Release|Any CPU.Build.0 = Release|Any CPU
		{F1111111-11F1-41F1-81F1-111111111111}.Release|x64.ActiveCfg = Release|Any CPU
		{F1111111-11F1-41F1-81F1-111111111111}.Release|x64.Build.0 = Release|Any CPU
		{F1111111-11F1-41F1-81F1-111111111111}.Release|x86.ActiveCfg = Release|Any CPU
		{F1111111-11F1-41F1-81F1-111111111111}.Release|x86.Build.0 = Release|Any CPU
		{F2222222-22F2-42F2-82F2-222222222222}.Debug|Any CPU.ActiveCfg = Debug|Any CPU
		{F2222222-22F2-42F2-82F2-222222222222}.Debug|Any CPU.Build.0 = Debug|Any CPU
		{F2222222-22F2-42F2-82F2-222222222222}.Debug|x64.ActiveCfg = Debug|Any CPU
		{F2222222-22F2-42F2-82F2-222222222222}.Debug|x64.Build.0 = Debug|Any CPU
		{F2222222-22F2-42F2-82F2-222222222222}.Debug|x86.ActiveCfg = Debug|Any CPU
		{F2222222-22F2-42F2-82F2-222222222222}.Debug|x86.Build.0 = Debug|Any CPU
		{F2222222-22F2-42F2-82F2-222222222222}.Release|Any CPU.ActiveCfg = Release|Any CPU
		{F2222222-22F2-42F2-82F2-222222222222}.Release|Any CPU.Build.0 = Release|Any CPU
		{F2222222-22F2-42F2-82F2-222222222222}.Release|x64.ActiveCfg = Release|Any CPU
		{F2222222-22F2-42F2-82F2-222222222222}.Release|x64.Build.0 = Release|Any CPU
		{F2222222-22F2-42F2-82F2-222222222222}.Release|x86.ActiveCfg = Release|Any CPU
		{F2222222-22F2-42F2-82F2-222222222222}.Release|x86.Build.0 = Release|Any CPU
		{F3333333-33F3-43F3-83F3-333333333333}.Debug|Any CPU.ActiveCfg = Debug|Any CPU
		{F3333333-33F3-43F3-83F3-333333333333}.Debug|Any CPU.Build.0 = Debug|Any CPU
		{F3333333-33F3-43F3-83F3-333333333333}.Debug|x64.ActiveCfg = Debug|Any CPU
		{F3333333-33F3-43F3-83F3-333333333333}.Debug|x64.Build.0 = Debug|Any CPU
		{F3333333-33F3-43F3-83F3-333333333333}.Debug|x86.ActiveCfg = Debug|Any CPU
		{F3333333-33F3-43F3-83F3-333333333333}.Debug|x86.Build.0 = Debug|Any CPU
		{F3333333-33F3-43F3-83F3-333333333333}.Release|Any CPU.ActiveCfg = Release|Any CPU
		{F3333333-33F3-43F3-83F3-333333333333}.Release|Any CPU.Build.0 = Release|Any CPU
		{F3333333-33F3-43F3-83F3-333333333333}.Release|x64.ActiveCfg = Release|Any CPU
		{F3333333-33F3-43F3-83F3-333333333333}.Release|x64.Build.0 = Release|Any CPU
		{F3333333-33F3-43F3-83F3-333333333333}.Release|x86.ActiveCfg = Release|Any CPU
		{F3333333-33F3-43F3-83F3-333333333333}.Release|x86.Build.0 = Release|Any CPU
		{A7111111-11A7-41A7-81A7-111111111111}.Debug|Any CPU.ActiveCfg = Debug|Any CPU
		{A7111111-11A7-41A7-81A7-111111111111}.Debug|Any CPU.Build.0 = Debug|Any CPU
		{A7111111-11A7-41A7-81A7-111111111111}.Debug|x64.ActiveCfg = Debug|Any CPU
		{A7111111-11A7-41A7-81A7-111111111111}.Debug|x64.Build.0 = Debug|Any CPU
		{A7111111-11A7-41A7-81A7-111111111111}.Debug|x86.ActiveCfg = Debug|Any CPU
		{A7111111-11A7-41A7-81A7-111111111111}.Debug|x86.Build.0 = Debug|Any CPU
		{A7111111-11A7-41A7-81A7-111111111111}.Release|Any CPU.ActiveCfg = Release|Any CPU
		{A7111111-11A7-41A7-81A7-111111111111}.Release|Any CPU.Build.0 = Release|Any CPU
		{A7111111-11A7-41A7-81A7-111111111111}.Release|x64.ActiveCfg = Release|Any CPU
		{A7111111-11A7-41A7-81A7-111111111111}.Release|x64.Build.0 = Release|Any CPU
		{A7111111-11A7-41A7-81A7-111111111111}.Release|x86.ActiveCfg = Release|Any CPU
		{A7111111-11A7-41A7-81A7-111111111111}.Release|x86.Build.0 = Release|Any CPU
		{A7222222-22A7-42A7-82A7-222222222222}.Debug|Any CPU.ActiveCfg = Debug|Any CPU
		{A7222222-22A7-42A7-82A7-222222222222}.Debug|Any CPU.Build.0 = Debug|Any CPU
		{A7222222-22A7-42A7-82A7-222222222222}.Debug|x64.ActiveCfg = Debug|Any CPU
		{A7222222-22A7-42A7-82A7-222222222222}.Debug|x64.Build.0 = Debug|Any CPU
		{A7222222-22A7-42A7-82A7-222222222222}.Debug|x86.ActiveCfg = Debug|Any CPU
		{A7222222-22A7-42A7-82A7-222222222222}.Debug|x86.Build.0 = Debug|Any CPU
		{A7222222-22A7-42A7-82A7-222222222222}.Release|Any CPU.ActiveCfg = Release|Any CPU
		{A7222222-22A7-42A7-82A7-222222222222}.Release|Any CPU.Build.0 = Release|Any CPU
		{A7222222-22A7-42A7-82A7-222222222222}.Release|x64.ActiveCfg = Release|Any CPU
		{A7222222-22A7-42A7-82A7-222222222222}.Release|x64.Build.0 = Release|Any CPU
		{A7222222-22A7-42A7-82A7-222222222222}.Release|x86.ActiveCfg = Release|Any CPU
		{A7222222-22A7-42A7-82A7-222222222222}.Release|x86.Build.0 = Release|Any CPU
		{A7333333-33A7-43A7-83A7-333333333333}.Debug|Any CPU.ActiveCfg = Debug|Any CPU
		{A7333333-33A7-43A7-83A7-333333333333}.Debug|Any CPU.Build.0 = Debug|Any CPU
		{A7333333-33A7-43A7-83A7-333333333333}.Debug|x64.ActiveCfg = Debug|Any CPU
		{A7333333-33A7-43A7-83A7-333333333333}.Debug|x64.Build.0 = Debug|Any CPU
		{A7333333-33A7-43A7-83A7-333333333333}.Debug|x86.ActiveCfg = Debug|Any CPU
		{A7333333-33A7-43A7-83A7-333333333333}.Debug|x86.Build.0 = Debug|Any CPU
		{A7333333-33A7-43A7-83A7-333333333333}.Release|Any CPU.ActiveCfg = Release|Any CPU
		{A7333333-33A7-43A7-83A7-333333333333}.Release|Any CPU.Build.0 = Release|Any CPU
		{A7333333-33A7-43A7-83A7-333333333333}.Release|x64.ActiveCfg = Release|Any CPU
		{A7333333-33A7-43A7-83A7-333333333333}.Release|x64.Build.0 = Release|Any CPU
		{A7333333-33A7-43A7-83A7-333333333333}.Release|x86.ActiveCfg = Release|Any CPU
		{A7333333-33A7-43A7-83A7-333333333333}.Release|x86.Build.0 = Release|Any CPU
	EndGlobalSection
	GlobalSection(SolutionProperties) = preSolution
		HideSolutionNode = FALSE
	EndGlobalSection
	GlobalSection(NestedProjects) = preSolution
		{4D950A78-362C-7C52-A7D4-89D246644999} = {98EF7209-9DA7-57AE-EFEB-69DD7FDC3B6D}
		{1D61F677-F286-4168-A645-927A9FBC3447} = {4D950A78-362C-7C52-A7D4-89D246644999}
		{333C062B-CE73-4DDC-9E98-C99AA254239D} = {4D950A78-362C-7C52-A7D4-89D246644999}
		{AB214CFD-07CF-4DA5-B0F6-C2C459207D18} = {4D950A78-362C-7C52-A7D4-89D246644999}
		{297E2E18-E535-9DDB-7571-6ECDAA795235} = {98EF7209-9DA7-57AE-EFEB-69DD7FDC3B6D}
		{CEE47F70-CC98-47D8-82D0-D113F096EE38} = {297E2E18-E535-9DDB-7571-6ECDAA795235}
		{0D644E8C-67C5-43A6-A36C-903ECFB1B28B} = {297E2E18-E535-9DDB-7571-6ECDAA795235}
		{0BEBC690-0C78-455D-A16E-08B5D2C64804} = {297E2E18-E535-9DDB-7571-6ECDAA795235}
		{D4444444-44D4-44D4-84D4-444444444444} = {98EF7209-9DA7-57AE-EFEB-69DD7FDC3B6D}
		{D1111111-11D1-41D1-81D1-111111111111} = {D4444444-44D4-44D4-84D4-444444444444}
		{D2222222-22D2-42D2-82D2-222222222222} = {D4444444-44D4-44D4-84D4-444444444444}
		{D3333333-33D3-43D3-83D3-333333333333} = {D4444444-44D4-44D4-84D4-444444444444}
		{E4444444-44E4-44E4-84E4-444444444444} = {98EF7209-9DA7-57AE-EFEB-69DD7FDC3B6D}
		{E1111111-11E1-41E1-81E1-111111111111} = {E4444444-44E4-44E4-84E4-444444444444}
		{E2222222-22E2-42E2-82E2-222222222222} = {E4444444-44E4-44E4-84E4-444444444444}
		{E3333333-33E3-43E3-83E3-333333333333} = {E4444444-44E4-44E4-84E4-444444444444}
		{F4444444-44F4-44F4-84F4-444444444444} = {98EF7209-9DA7-57AE-EFEB-69DD7FDC3B6D}
		{F1111111-11F1-41F1-81F1-111111111111} = {F4444444-44F4-44F4-84F4-444444444444}
		{F2222222-22F2-42F2-82F2-222222222222} = {F4444444-44F4-44F4-84F4-444444444444}
		{F3333333-33F3-43F3-83F3-333333333333} = {F4444444-44F4-44F4-84F4-444444444444}
		{A7444444-44A7-44A7-84A7-444444444444} = {98EF7209-9DA7-57AE-EFEB-69DD7FDC3B6D}
		{A7111111-11A7-41A7-81A7-111111111111} = {A7444444-44A7-44A7-84A7-444444444444}
		{A7222222-22A7-42A7-82A7-222222222222} = {A7444444-44A7-44A7-84A7-444444444444}
		{A7333333-33A7-43A7-83A7-333333333333} = {A7444444-44A7-44A7-84A7-444444444444}
	EndGlobalSection
EndGlobal
